<?xml version="1.0" encoding="utf-8"?>
<Project ToolsVersion="4.0" xmlns="http://schemas.microsoft.com/developer/msbuild/2003">
  <ItemGroup>
    <Filter Include="Source Files">
      <UniqueIdentifier>{4FC737F1-C7A5-4376-A066-2A32D752A2FF}</UniqueIdentifier>
      <Extensions>cpp;c;cc;cxx;c++;cppm;ixx;def;odl;idl;hpj;bat;asm;asmx</Extensions>
    </Filter>
    <Filter Include="Header Files">
      <UniqueIdentifier>{93995380-89BD-4b04-88EB-625FBE52EBFB}</UniqueIdentifier>
      <Extensions>h;hh;hpp;hxx;h++;hm;inl;inc;ipp;xsd</Extensions>
    </Filter>
    <Filter Include="Resource Files">
      <UniqueIdentifier>{67DA6AB6-F800-4c08-8B7A-83BB121AAD01}</UniqueIdentifier>
      <Extensions>rc;ico;cur;bmp;dlg;rc2;rct;bin;rgs;gif;jpg;jpeg;jpe;resx;tiff;tif;png;wav;mfcribbon-ms</Extensions>
    </Filter>
    <Filter Include="3rdparty">
      <UniqueIdentifier>{e9cb6669-feca-47dc-918b-5f9a1a68d8e8}</UniqueIdentifier>
    </Filter>
    <Filter Include="3rdparty\ippiw">
      <UniqueIdentifier>{1b4be1e3-d0d1-43d0-af2c-17a1e800a163}</UniqueIdentifier>
    </Filter>
    <Filter Include="opencv_core">
      <UniqueIdentifier>{d4d18d03-3c1d-46a0-baf6-ccdae5da06ee}</UniqueIdentifier>
    </Filter>
    <Filter Include="opencv_dnn">
      <UniqueIdentifier>{ba2b19d9-ad24-46c9-adc1-4326c78f1ec6}</UniqueIdentifier>
    </Filter>
    <Filter Include="opencv_feature2d">
      <UniqueIdentifier>{1d5aae51-8219-46a0-900e-6160cbd781dd}</UniqueIdentifier>
    </Filter>
    <Filter Include="opencv_flann">
      <UniqueIdentifier>{10cc2917-6464-4e90-8001-7e36739cbbad}</UniqueIdentifier>
    </Filter>
    <Filter Include="opencv_imgproc">
      <UniqueIdentifier>{a7e9e2c6-f46c-4d8f-a659-9c252ad00248}</UniqueIdentifier>
    </Filter>
    <Filter Include="opencv_ml">
      <UniqueIdentifier>{a8db16f9-2fd9-427e-af1d-9aae8ed2b6da}</UniqueIdentifier>
    </Filter>
    <Filter Include="opencv_objdetect">
      <UniqueIdentifier>{d949f209-1c31-4bb6-8cc8-0652f8164d56}</UniqueIdentifier>
    </Filter>
    <Filter Include="opencv_photo">
      <UniqueIdentifier>{c6fba269-3824-465e-9e50-b27abe100e75}</UniqueIdentifier>
    </Filter>
    <Filter Include="opencv_stitching">
      <UniqueIdentifier>{af7dd2c0-f007-4319-92bd-63f823f51d70}</UniqueIdentifier>
    </Filter>
    <Filter Include="opencv_video">
      <UniqueIdentifier>{c1dbb1fa-88b8-4571-b4b9-045b15ecc9ea}</UniqueIdentifier>
    </Filter>
    <Filter Include="opencv_calib3d">
      <UniqueIdentifier>{b141753c-cbcc-4c43-9503-39eb72d42a08}</UniqueIdentifier>
    </Filter>
    <Filter Include="opencv_calib3d\src">
      <UniqueIdentifier>{88cf789a-1209-4c52-85ba-1355ce8ef307}</UniqueIdentifier>
    </Filter>
    <Filter Include="opencv_calib3d\src\usac">
      <UniqueIdentifier>{a1582dad-4e76-4a3e-9851-7dcee2b68b01}</UniqueIdentifier>
    </Filter>
    <Filter Include="opencv_core\src">
      <UniqueIdentifier>{cd42c4ea-2b73-442a-9de6-359b0e68bfed}</UniqueIdentifier>
    </Filter>
    <Filter Include="opencv_core\src\utils">
      <UniqueIdentifier>{b3cb4e8e-951d-4f23-8457-c38cf600fbdb}</UniqueIdentifier>
    </Filter>
    <Filter Include="opencv_core\src\runtime">
      <UniqueIdentifier>{c2d4a8e9-2275-41af-8918-3d9ba8495a17}</UniqueIdentifier>
    </Filter>
    <Filter Include="opencv_core\src\runtime\autogenerated">
      <UniqueIdentifier>{75c5c3a6-3630-4b37-ad9d-8a80cc6e2af6}</UniqueIdentifier>
    </Filter>
    <Filter Include="opencv_dnn\caffe">
      <UniqueIdentifier>{5c1f6571-2434-4707-b5ed-ecf236f68566}</UniqueIdentifier>
    </Filter>
    <Filter Include="opencv_dnn\layers">
      <UniqueIdentifier>{75849b74-6810-40e8-ae47-74179e9eda89}</UniqueIdentifier>
    </Filter>
    <Filter Include="opencv_feature2d\kaze">
      <UniqueIdentifier>{15cec7ed-d7e4-4d1a-9c59-75a78f189c3f}</UniqueIdentifier>
    </Filter>
    <Filter Include="opencv_video\tracking">
      <UniqueIdentifier>{b16d9dad-0821-4ab0-9f31-5c8005f2ecb3}</UniqueIdentifier>
    </Filter>
    <Filter Include="opencv_video\tracking\detail">
      <UniqueIdentifier>{eaadc70b-92e4-4e62-a84f-c0f2047e244a}</UniqueIdentifier>
    </Filter>
    <Filter Include="autogenerated">
      <UniqueIdentifier>{cafb9788-cf09-4ce3-bf1e-fdb929a4b643}</UniqueIdentifier>
    </Filter>
    <Filter Include="autogenerated\layers">
      <UniqueIdentifier>{e9b25050-e7bb-48e0-9209-b32c1dca983a}</UniqueIdentifier>
    </Filter>
    <Filter Include="autogenerated\protobuf">
      <UniqueIdentifier>{d82dba68-3c9a-4b9e-aa53-898fd7dc50f8}</UniqueIdentifier>
    </Filter>
    <Filter Include="zlib">
      <UniqueIdentifier>{c87375bd-9b34-4f2d-a277-8d7483ec71e2}</UniqueIdentifier>
    </Filter>
    <Filter Include="3rdparty\carotene">
      <UniqueIdentifier>{3574542c-870d-4637-aed5-e7caa636c40c}</UniqueIdentifier>
    </Filter>
  </ItemGroup>
  <ItemGroup>
    <ClCompile Include="..\..\..\..\apps\external\opencv\3rdparty\ippicv\ippiw_win\src\iw_core.c">
      <Filter>3rdparty\ippiw</Filter>
    </ClCompile>
    <ClCompile Include="..\..\..\..\apps\external\opencv\3rdparty\ippicv\ippiw_win\src\iw_image.c">
      <Filter>3rdparty\ippiw</Filter>
    </ClCompile>
    <ClCompile Include="..\..\..\..\apps\external\opencv\3rdparty\ippicv\ippiw_win\src\iw_image_color_convert_all.c">
      <Filter>3rdparty\ippiw</Filter>
    </ClCompile>
    <ClCompile Include="..\..\..\..\apps\external\opencv\3rdparty\ippicv\ippiw_win\src\iw_image_color_convert_rgbs.c">
      <Filter>3rdparty\ippiw</Filter>
    </ClCompile>
    <ClCompile Include="..\..\..\..\apps\external\opencv\3rdparty\ippicv\ippiw_win\src\iw_image_filter_bilateral.c">
      <Filter>3rdparty\ippiw</Filter>
    </ClCompile>
    <ClCompile Include="..\..\..\..\apps\external\opencv\3rdparty\ippicv\ippiw_win\src\iw_image_filter_box.c">
      <Filter>3rdparty\ippiw</Filter>
    </ClCompile>
    <ClCompile Include="..\..\..\..\apps\external\opencv\3rdparty\ippicv\ippiw_win\src\iw_image_filter_canny.c">
      <Filter>3rdparty\ippiw</Filter>
    </ClCompile>
    <ClCompile Include="..\..\..\..\apps\external\opencv\3rdparty\ippicv\ippiw_win\src\iw_image_filter_gaussian.c">
      <Filter>3rdparty\ippiw</Filter>
    </ClCompile>
    <ClCompile Include="..\..\..\..\apps\external\opencv\3rdparty\ippicv\ippiw_win\src\iw_image_filter_general.c">
      <Filter>3rdparty\ippiw</Filter>
    </ClCompile>
    <ClCompile Include="..\..\..\..\apps\external\opencv\3rdparty\ippicv\ippiw_win\src\iw_image_filter_laplacian.c">
      <Filter>3rdparty\ippiw</Filter>
    </ClCompile>
    <ClCompile Include="..\..\..\..\apps\external\opencv\3rdparty\ippicv\ippiw_win\src\iw_image_filter_morphology.c">
      <Filter>3rdparty\ippiw</Filter>
    </ClCompile>
    <ClCompile Include="..\..\..\..\apps\external\opencv\3rdparty\ippicv\ippiw_win\src\iw_image_filter_scharr.c">
      <Filter>3rdparty\ippiw</Filter>
    </ClCompile>
    <ClCompile Include="..\..\..\..\apps\external\opencv\3rdparty\ippicv\ippiw_win\src\iw_image_filter_sobel.c">
      <Filter>3rdparty\ippiw</Filter>
    </ClCompile>
    <ClCompile Include="..\..\..\..\apps\external\opencv\3rdparty\ippicv\ippiw_win\src\iw_image_op_copy.c">
      <Filter>3rdparty\ippiw</Filter>
    </ClCompile>
    <ClCompile Include="..\..\..\..\apps\external\opencv\3rdparty\ippicv\ippiw_win\src\iw_image_op_copy_channel.c">
      <Filter>3rdparty\ippiw</Filter>
    </ClCompile>
    <ClCompile Include="..\..\..\..\apps\external\opencv\3rdparty\ippicv\ippiw_win\src\iw_image_op_copy_make_border.c">
      <Filter>3rdparty\ippiw</Filter>
    </ClCompile>
    <ClCompile Include="..\..\..\..\apps\external\opencv\3rdparty\ippicv\ippiw_win\src\iw_image_op_copy_merge.c">
      <Filter>3rdparty\ippiw</Filter>
    </ClCompile>
    <ClCompile Include="..\..\..\..\apps\external\opencv\3rdparty\ippicv\ippiw_win\src\iw_image_op_copy_split.c">
      <Filter>3rdparty\ippiw</Filter>
    </ClCompile>
    <ClCompile Include="..\..\..\..\apps\external\opencv\3rdparty\ippicv\ippiw_win\src\iw_image_op_scale.c">
      <Filter>3rdparty\ippiw</Filter>
    </ClCompile>
    <ClCompile Include="..\..\..\..\apps\external\opencv\3rdparty\ippicv\ippiw_win\src\iw_image_op_set.c">
      <Filter>3rdparty\ippiw</Filter>
    </ClCompile>
    <ClCompile Include="..\..\..\..\apps\external\opencv\3rdparty\ippicv\ippiw_win\src\iw_image_op_set_channel.c">
      <Filter>3rdparty\ippiw</Filter>
    </ClCompile>
    <ClCompile Include="..\..\..\..\apps\external\opencv\3rdparty\ippicv\ippiw_win\src\iw_image_op_swap_channels.c">
      <Filter>3rdparty\ippiw</Filter>
    </ClCompile>
    <ClCompile Include="..\..\..\..\apps\external\opencv\3rdparty\ippicv\ippiw_win\src\iw_image_transform_mirror.c">
      <Filter>3rdparty\ippiw</Filter>
    </ClCompile>
    <ClCompile Include="..\..\..\..\apps\external\opencv\3rdparty\ippicv\ippiw_win\src\iw_image_transform_resize.c">
      <Filter>3rdparty\ippiw</Filter>
    </ClCompile>
    <ClCompile Include="..\..\..\..\apps\external\opencv\3rdparty\ippicv\ippiw_win\src\iw_image_transform_rotate.c">
      <Filter>3rdparty\ippiw</Filter>
    </ClCompile>
    <ClCompile Include="..\..\..\..\apps\external\opencv\3rdparty\ippicv\ippiw_win\src\iw_image_transform_warpaffine.c">
      <Filter>3rdparty\ippiw</Filter>
    </ClCompile>
    <ClCompile Include="..\..\..\..\apps\external\opencv\3rdparty\ippicv\ippiw_win\src\iw_own.c">
      <Filter>3rdparty\ippiw</Filter>
    </ClCompile>
    <ClCompile Include="..\..\..\..\apps\external\opencv\modules\calib3d\src\ap3p.cpp">
      <Filter>opencv_calib3d\src</Filter>
    </ClCompile>
    <ClCompile Include="..\..\..\..\apps\external\opencv\modules\calib3d\src\calibinit.cpp">
      <Filter>opencv_calib3d\src</Filter>
    </ClCompile>
    <ClCompile Include="..\..\..\..\apps\external\opencv\modules\calib3d\src\calibration.cpp">
      <Filter>opencv_calib3d\src</Filter>
    </ClCompile>
    <ClCompile Include="..\..\..\..\apps\external\opencv\modules\calib3d\src\calibration_handeye.cpp">
      <Filter>opencv_calib3d\src</Filter>
    </ClCompile>
    <ClCompile Include="..\..\..\..\apps\external\opencv\modules\calib3d\src\checkchessboard.cpp">
      <Filter>opencv_calib3d\src</Filter>
    </ClCompile>
    <ClCompile Include="..\..\..\..\apps\external\opencv\modules\calib3d\src\chessboard.cpp">
      <Filter>opencv_calib3d\src</Filter>
    </ClCompile>
    <ClCompile Include="..\..\..\..\apps\external\opencv\modules\calib3d\src\circlesgrid.cpp">
      <Filter>opencv_calib3d\src</Filter>
    </ClCompile>
    <ClCompile Include="..\..\..\..\apps\external\opencv\modules\calib3d\src\compat_ptsetreg.cpp">
      <Filter>opencv_calib3d\src</Filter>
    </ClCompile>
    <ClCompile Include="..\..\..\..\apps\external\opencv\modules\calib3d\src\dls.cpp">
      <Filter>opencv_calib3d\src</Filter>
    </ClCompile>
    <ClCompile Include="..\..\..\..\apps\external\opencv\modules\calib3d\src\epnp.cpp">
      <Filter>opencv_calib3d\src</Filter>
    </ClCompile>
    <ClCompile Include="..\..\..\..\apps\external\opencv\modules\calib3d\src\fisheye.cpp">
      <Filter>opencv_calib3d\src</Filter>
    </ClCompile>
    <ClCompile Include="..\..\..\..\apps\external\opencv\modules\calib3d\src\five-point.cpp">
      <Filter>opencv_calib3d\src</Filter>
    </ClCompile>
    <ClCompile Include="..\..\..\..\apps\external\opencv\modules\calib3d\src\fundam.cpp">
      <Filter>opencv_calib3d\src</Filter>
    </ClCompile>
    <ClCompile Include="..\..\..\..\apps\external\opencv\modules\calib3d\src\homography_decomp.cpp">
      <Filter>opencv_calib3d\src</Filter>
    </ClCompile>
    <ClCompile Include="..\..\..\..\apps\external\opencv\modules\calib3d\src\ippe.cpp">
      <Filter>opencv_calib3d\src</Filter>
    </ClCompile>
    <ClCompile Include="..\..\..\..\apps\external\opencv\modules\calib3d\src\levmarq.cpp">
      <Filter>opencv_calib3d\src</Filter>
    </ClCompile>
    <ClCompile Include="..\..\..\..\apps\external\opencv\modules\calib3d\src\main.cpp">
      <Filter>opencv_calib3d\src</Filter>
    </ClCompile>
    <ClCompile Include="..\..\..\..\apps\external\opencv\modules\calib3d\src\p3p.cpp">
      <Filter>opencv_calib3d\src</Filter>
    </ClCompile>
    <ClCompile Include="..\..\..\..\apps\external\opencv\modules\calib3d\src\polynom_solver.cpp">
      <Filter>opencv_calib3d\src</Filter>
    </ClCompile>
    <ClCompile Include="..\..\..\..\apps\external\opencv\modules\calib3d\src\posit.cpp">
      <Filter>opencv_calib3d\src</Filter>
    </ClCompile>
    <ClCompile Include="..\..\..\..\apps\external\opencv\modules\calib3d\src\ptsetreg.cpp">
      <Filter>opencv_calib3d\src</Filter>
    </ClCompile>
    <ClCompile Include="..\..\..\..\apps\external\opencv\modules\calib3d\src\quadsubpix.cpp">
      <Filter>opencv_calib3d\src</Filter>
    </ClCompile>
    <ClCompile Include="..\..\..\..\apps\external\opencv\modules\calib3d\src\rho.cpp">
      <Filter>opencv_calib3d\src</Filter>
    </ClCompile>
    <ClCompile Include="..\..\..\..\apps\external\opencv\modules\calib3d\src\solvepnp.cpp">
      <Filter>opencv_calib3d\src</Filter>
    </ClCompile>
    <ClCompile Include="..\..\..\..\apps\external\opencv\modules\calib3d\src\sqpnp.cpp">
      <Filter>opencv_calib3d\src</Filter>
    </ClCompile>
    <ClCompile Include="..\..\..\..\apps\external\opencv\modules\calib3d\src\stereobm.cpp">
      <Filter>opencv_calib3d\src</Filter>
    </ClCompile>
    <ClCompile Include="..\..\..\..\apps\external\opencv\modules\calib3d\src\stereosgbm.cpp">
      <Filter>opencv_calib3d\src</Filter>
    </ClCompile>
    <ClCompile Include="..\..\..\..\apps\external\opencv\modules\calib3d\src\triangulate.cpp">
      <Filter>opencv_calib3d\src</Filter>
    </ClCompile>
    <ClCompile Include="..\..\..\..\apps\external\opencv\modules\calib3d\src\undistort.dispatch.cpp">
      <Filter>opencv_calib3d\src</Filter>
    </ClCompile>
    <ClCompile Include="..\..\..\..\apps\external\opencv\modules\calib3d\src\upnp.cpp">
      <Filter>opencv_calib3d\src</Filter>
    </ClCompile>
    <ClCompile Include="..\..\..\..\apps\external\opencv\modules\calib3d\src\usac\degeneracy.cpp">
      <Filter>opencv_calib3d\src\usac</Filter>
    </ClCompile>
    <ClCompile Include="..\..\..\..\apps\external\opencv\modules\calib3d\src\usac\dls_solver.cpp">
      <Filter>opencv_calib3d\src\usac</Filter>
    </ClCompile>
    <ClCompile Include="..\..\..\..\apps\external\opencv\modules\calib3d\src\usac\essential_solver.cpp">
      <Filter>opencv_calib3d\src\usac</Filter>
    </ClCompile>
    <ClCompile Include="..\..\..\..\apps\external\opencv\modules\calib3d\src\usac\estimator.cpp">
      <Filter>opencv_calib3d\src\usac</Filter>
    </ClCompile>
    <ClCompile Include="..\..\..\..\apps\external\opencv\modules\calib3d\src\usac\fundamental_solver.cpp">
      <Filter>opencv_calib3d\src\usac</Filter>
    </ClCompile>
    <ClCompile Include="..\..\..\..\apps\external\opencv\modules\calib3d\src\usac\gamma_values.cpp">
      <Filter>opencv_calib3d\src\usac</Filter>
    </ClCompile>
    <ClCompile Include="..\..\..\..\apps\external\opencv\modules\calib3d\src\usac\homography_solver.cpp">
      <Filter>opencv_calib3d\src\usac</Filter>
    </ClCompile>
    <ClCompile Include="..\..\..\..\apps\external\opencv\modules\calib3d\src\usac\local_optimization.cpp">
      <Filter>opencv_calib3d\src\usac</Filter>
    </ClCompile>
    <ClCompile Include="..\..\..\..\apps\external\opencv\modules\calib3d\src\usac\pnp_solver.cpp">
      <Filter>opencv_calib3d\src\usac</Filter>
    </ClCompile>
    <ClCompile Include="..\..\..\..\apps\external\opencv\modules\calib3d\src\usac\quality.cpp">
      <Filter>opencv_calib3d\src\usac</Filter>
    </ClCompile>
    <ClCompile Include="..\..\..\..\apps\external\opencv\modules\calib3d\src\usac\ransac_solvers.cpp">
      <Filter>opencv_calib3d\src\usac</Filter>
    </ClCompile>
    <ClCompile Include="..\..\..\..\apps\external\opencv\modules\calib3d\src\usac\sampler.cpp">
      <Filter>opencv_calib3d\src\usac</Filter>
    </ClCompile>
    <ClCompile Include="..\..\..\..\apps\external\opencv\modules\calib3d\src\usac\termination.cpp">
      <Filter>opencv_calib3d\src\usac</Filter>
    </ClCompile>
    <ClCompile Include="..\..\..\..\apps\external\opencv\modules\calib3d\src\usac\utils.cpp">
      <Filter>opencv_calib3d\src\usac</Filter>
    </ClCompile>
    <ClCompile Include="..\..\..\..\apps\external\opencv\modules\core\src\algorithm.cpp">
      <Filter>opencv_core\src</Filter>
    </ClCompile>
    <ClCompile Include="..\..\..\..\apps\external\opencv\modules\core\src\alloc.cpp">
      <Filter>opencv_core\src</Filter>
    </ClCompile>
    <ClCompile Include="..\..\..\..\apps\external\opencv\modules\core\src\arithm.cpp">
      <Filter>opencv_core\src</Filter>
    </ClCompile>
    <ClCompile Include="..\..\..\..\apps\external\opencv\modules\core\src\arithm.dispatch.cpp">
      <Filter>opencv_core\src</Filter>
    </ClCompile>
    <ClCompile Include="..\..\..\..\apps\external\opencv\modules\core\src\array.cpp">
      <Filter>opencv_core\src</Filter>
    </ClCompile>
    <ClCompile Include="..\..\..\..\apps\external\opencv\modules\core\src\async.cpp">
      <Filter>opencv_core\src</Filter>
    </ClCompile>
    <ClCompile Include="..\..\..\..\apps\external\opencv\modules\core\src\batch_distance.cpp">
      <Filter>opencv_core\src</Filter>
    </ClCompile>
    <ClCompile Include="..\..\..\..\apps\external\opencv\modules\core\src\bindings_utils.cpp">
      <Filter>opencv_core\src</Filter>
    </ClCompile>
    <ClCompile Include="..\..\..\..\apps\external\opencv\modules\core\src\buffer_area.cpp">
      <Filter>opencv_core\src</Filter>
    </ClCompile>
    <ClCompile Include="..\..\..\..\apps\external\opencv\modules\core\src\channels.cpp">
      <Filter>opencv_core\src</Filter>
    </ClCompile>
    <ClCompile Include="..\..\..\..\apps\external\opencv\modules\core\src\check.cpp">
      <Filter>opencv_core\src</Filter>
    </ClCompile>
    <ClCompile Include="..\..\..\..\apps\external\opencv\modules\core\src\command_line_parser.cpp">
      <Filter>opencv_core\src</Filter>
    </ClCompile>
    <ClCompile Include="..\..\..\..\apps\external\opencv\modules\core\src\conjugate_gradient.cpp">
      <Filter>opencv_core\src</Filter>
    </ClCompile>
    <ClCompile Include="..\..\..\..\apps\external\opencv\modules\core\src\convert.dispatch.cpp">
      <Filter>opencv_core\src</Filter>
    </ClCompile>
    <ClCompile Include="..\..\..\..\apps\external\opencv\modules\core\src\convert_c.cpp">
      <Filter>opencv_core\src</Filter>
    </ClCompile>
    <ClCompile Include="..\..\..\..\apps\external\opencv\modules\core\src\convert_scale.dispatch.cpp">
      <Filter>opencv_core\src</Filter>
    </ClCompile>
    <ClCompile Include="..\..\..\..\apps\external\opencv\modules\core\src\copy.cpp">
      <Filter>opencv_core\src</Filter>
    </ClCompile>
    <ClCompile Include="..\..\..\..\apps\external\opencv\modules\core\src\count_non_zero.dispatch.cpp">
      <Filter>opencv_core\src</Filter>
    </ClCompile>
    <ClCompile Include="..\..\..\..\apps\external\opencv\modules\core\src\cuda_gpu_mat.cpp">
      <Filter>opencv_core\src</Filter>
    </ClCompile>
    <ClCompile Include="..\..\..\..\apps\external\opencv\modules\core\src\cuda_host_mem.cpp">
      <Filter>opencv_core\src</Filter>
    </ClCompile>
    <ClCompile Include="..\..\..\..\apps\external\opencv\modules\core\src\cuda_info.cpp">
      <Filter>opencv_core\src</Filter>
    </ClCompile>
    <ClCompile Include="..\..\..\..\apps\external\opencv\modules\core\src\cuda_stream.cpp">
      <Filter>opencv_core\src</Filter>
    </ClCompile>
    <ClCompile Include="..\..\..\..\apps\external\opencv\modules\core\src\datastructs.cpp">
      <Filter>opencv_core\src</Filter>
    </ClCompile>
    <ClCompile Include="..\..\..\..\apps\external\opencv\modules\core\src\directx.cpp">
      <Filter>opencv_core\src</Filter>
    </ClCompile>
    <ClCompile Include="..\..\..\..\apps\external\opencv\modules\core\src\downhill_simplex.cpp">
      <Filter>opencv_core\src</Filter>
    </ClCompile>
    <ClCompile Include="..\..\..\..\apps\external\opencv\modules\core\src\dxt.cpp">
      <Filter>opencv_core\src</Filter>
    </ClCompile>
    <ClCompile Include="..\..\..\..\apps\external\opencv\modules\core\src\gl_core_3_1.cpp">
      <Filter>opencv_core\src</Filter>
    </ClCompile>
    <ClCompile Include="..\..\..\..\apps\external\opencv\modules\core\src\glob.cpp">
      <Filter>opencv_core\src</Filter>
    </ClCompile>
    <ClCompile Include="..\..\..\..\apps\external\opencv\modules\core\src\hal_internal.cpp">
      <Filter>opencv_core\src</Filter>
    </ClCompile>
    <ClCompile Include="..\..\..\..\apps\external\opencv\modules\core\src\kmeans.cpp">
      <Filter>opencv_core\src</Filter>
    </ClCompile>
    <ClCompile Include="..\..\..\..\apps\external\opencv\modules\core\src\lapack.cpp">
      <Filter>opencv_core\src</Filter>
    </ClCompile>
    <ClCompile Include="..\..\..\..\apps\external\opencv\modules\core\src\lda.cpp">
      <Filter>opencv_core\src</Filter>
    </ClCompile>
    <ClCompile Include="..\..\..\..\apps\external\opencv\modules\core\src\logger.cpp">
      <Filter>opencv_core\src</Filter>
    </ClCompile>
    <ClCompile Include="..\..\..\..\apps\external\opencv\modules\core\src\lpsolver.cpp">
      <Filter>opencv_core\src</Filter>
    </ClCompile>
    <ClCompile Include="..\..\..\..\apps\external\opencv\modules\core\src\lut.cpp">
      <Filter>opencv_core\src</Filter>
    </ClCompile>
    <ClCompile Include="..\..\..\..\apps\external\opencv\modules\core\src\mathfuncs.cpp">
      <Filter>opencv_core\src</Filter>
    </ClCompile>
    <ClCompile Include="..\..\..\..\apps\external\opencv\modules\core\src\mathfuncs_core.dispatch.cpp">
      <Filter>opencv_core\src</Filter>
    </ClCompile>
    <ClCompile Include="..\..\..\..\apps\external\opencv\modules\core\src\matmul.dispatch.cpp">
      <Filter>opencv_core\src</Filter>
    </ClCompile>
    <ClCompile Include="..\..\..\..\apps\external\opencv\modules\core\src\matrix.cpp">
      <Filter>opencv_core\src</Filter>
    </ClCompile>
    <ClCompile Include="..\..\..\..\apps\external\opencv\modules\core\src\matrix_c.cpp">
      <Filter>opencv_core\src</Filter>
    </ClCompile>
    <ClCompile Include="..\..\..\..\apps\external\opencv\modules\core\src\matrix_decomp.cpp">
      <Filter>opencv_core\src</Filter>
    </ClCompile>
    <ClCompile Include="..\..\..\..\apps\external\opencv\modules\core\src\matrix_expressions.cpp">
      <Filter>opencv_core\src</Filter>
    </ClCompile>
    <ClCompile Include="..\..\..\..\apps\external\opencv\modules\core\src\matrix_iterator.cpp">
      <Filter>opencv_core\src</Filter>
    </ClCompile>
    <ClCompile Include="..\..\..\..\apps\external\opencv\modules\core\src\matrix_operations.cpp">
      <Filter>opencv_core\src</Filter>
    </ClCompile>
    <ClCompile Include="..\..\..\..\apps\external\opencv\modules\core\src\matrix_sparse.cpp">
      <Filter>opencv_core\src</Filter>
    </ClCompile>
    <ClCompile Include="..\..\..\..\apps\external\opencv\modules\core\src\matrix_wrap.cpp">
      <Filter>opencv_core\src</Filter>
    </ClCompile>
    <ClCompile Include="..\..\..\..\apps\external\opencv\modules\core\src\mean.dispatch.cpp">
      <Filter>opencv_core\src</Filter>
    </ClCompile>
    <ClCompile Include="..\..\..\..\apps\external\opencv\modules\core\src\merge.dispatch.cpp">
      <Filter>opencv_core\src</Filter>
    </ClCompile>
    <ClCompile Include="..\..\..\..\apps\external\opencv\modules\core\src\minmax.cpp">
      <Filter>opencv_core\src</Filter>
    </ClCompile>
    <ClCompile Include="..\..\..\..\apps\external\opencv\modules\core\src\norm.cpp">
      <Filter>opencv_core\src</Filter>
    </ClCompile>
    <ClCompile Include="..\..\..\..\apps\external\opencv\modules\core\src\ocl.cpp">
      <Filter>opencv_core\src</Filter>
    </ClCompile>
    <ClCompile Include="..\..\..\..\apps\external\opencv\modules\core\src\opengl.cpp">
      <Filter>opencv_core\src</Filter>
    </ClCompile>
    <ClCompile Include="..\..\..\..\apps\external\opencv\modules\core\src\out.cpp">
      <Filter>opencv_core\src</Filter>
    </ClCompile>
    <ClCompile Include="..\..\..\..\apps\external\opencv\modules\core\src\ovx.cpp">
      <Filter>opencv_core\src</Filter>
    </ClCompile>
    <ClCompile Include="..\..\..\..\apps\external\opencv\modules\core\src\parallel.cpp">
      <Filter>opencv_core\src</Filter>
    </ClCompile>
    <ClCompile Include="..\..\..\..\apps\external\opencv\modules\core\src\parallel_impl.cpp">
      <Filter>opencv_core\src</Filter>
    </ClCompile>
    <ClCompile Include="..\..\..\..\apps\external\opencv\modules\core\src\pca.cpp">
      <Filter>opencv_core\src</Filter>
    </ClCompile>
    <ClCompile Include="..\..\..\..\apps\external\opencv\modules\core\src\persistence.cpp">
      <Filter>opencv_core\src</Filter>
    </ClCompile>
    <ClCompile Include="..\..\..\..\apps\external\opencv\modules\core\src\persistence_json.cpp">
      <Filter>opencv_core\src</Filter>
    </ClCompile>
    <ClCompile Include="..\..\..\..\apps\external\opencv\modules\core\src\persistence_types.cpp">
      <Filter>opencv_core\src</Filter>
    </ClCompile>
    <ClCompile Include="..\..\..\..\apps\external\opencv\modules\core\src\persistence_xml.cpp">
      <Filter>opencv_core\src</Filter>
    </ClCompile>
    <ClCompile Include="..\..\..\..\apps\external\opencv\modules\core\src\persistence_yml.cpp">
      <Filter>opencv_core\src</Filter>
    </ClCompile>
    <ClCompile Include="..\..\..\..\apps\external\opencv\modules\core\src\rand.cpp">
      <Filter>opencv_core\src</Filter>
    </ClCompile>
    <ClCompile Include="..\..\..\..\apps\external\opencv\modules\core\src\softfloat.cpp">
      <Filter>opencv_core\src</Filter>
    </ClCompile>
    <ClCompile Include="..\..\..\..\apps\external\opencv\modules\core\src\split.dispatch.cpp">
      <Filter>opencv_core\src</Filter>
    </ClCompile>
    <ClCompile Include="..\..\..\..\apps\external\opencv\modules\core\src\stat.dispatch.cpp">
      <Filter>opencv_core\src</Filter>
    </ClCompile>
    <ClCompile Include="..\..\..\..\apps\external\opencv\modules\core\src\stat_c.cpp">
      <Filter>opencv_core\src</Filter>
    </ClCompile>
    <ClCompile Include="..\..\..\..\apps\external\opencv\modules\core\src\stl.cpp">
      <Filter>opencv_core\src</Filter>
    </ClCompile>
    <ClCompile Include="..\..\..\..\apps\external\opencv\modules\core\src\sum.dispatch.cpp">
      <Filter>opencv_core\src</Filter>
    </ClCompile>
    <ClCompile Include="..\..\..\..\apps\external\opencv\modules\core\src\system.cpp">
      <Filter>opencv_core\src</Filter>
    </ClCompile>
    <ClCompile Include="..\..\..\..\apps\external\opencv\modules\core\src\tables.cpp">
      <Filter>opencv_core\src</Filter>
    </ClCompile>
    <ClCompile Include="..\..\..\..\apps\external\opencv\modules\core\src\trace.cpp">
      <Filter>opencv_core\src</Filter>
    </ClCompile>
    <ClCompile Include="..\..\..\..\apps\external\opencv\modules\core\src\types.cpp">
      <Filter>opencv_core\src</Filter>
    </ClCompile>
    <ClCompile Include="..\..\..\..\apps\external\opencv\modules\core\src\umatrix.cpp">
      <Filter>opencv_core\src</Filter>
    </ClCompile>
    <ClCompile Include="..\..\..\..\apps\external\opencv\modules\core\src\va_intel.cpp">
      <Filter>opencv_core\src</Filter>
    </ClCompile>
    <ClCompile Include="..\..\..\..\apps\external\opencv\modules\core\src\opencl\runtime\opencl_clamdblas.cpp">
      <Filter>opencv_core\src\runtime</Filter>
    </ClCompile>
    <ClCompile Include="..\..\..\..\apps\external\opencv\modules\core\src\opencl\runtime\opencl_clamdfft.cpp">
      <Filter>opencv_core\src\runtime</Filter>
    </ClCompile>
    <ClCompile Include="..\..\..\..\apps\external\opencv\modules\core\src\opencl\runtime\opencl_core.cpp">
      <Filter>opencv_core\src\runtime</Filter>
    </ClCompile>
    <ClCompile Include="..\..\..\..\apps\external\opencv\modules\core\src\utils\datafile.cpp">
      <Filter>opencv_core\src\utils</Filter>
    </ClCompile>
    <ClCompile Include="..\..\..\..\apps\external\opencv\modules\core\src\utils\filesystem.cpp">
      <Filter>opencv_core\src\utils</Filter>
    </ClCompile>
    <ClCompile Include="..\..\..\..\apps\external\opencv\modules\core\src\utils\logtagconfigparser.cpp">
      <Filter>opencv_core\src\utils</Filter>
    </ClCompile>
    <ClCompile Include="..\..\..\..\apps\external\opencv\modules\core\src\utils\logtagmanager.cpp">
      <Filter>opencv_core\src\utils</Filter>
    </ClCompile>
    <ClCompile Include="..\..\..\..\apps\external\opencv\modules\core\src\utils\samples.cpp">
      <Filter>opencv_core\src\utils</Filter>
    </ClCompile>
    <ClCompile Include="..\..\..\..\apps\external\opencv\modules\dnn\src\dnn.cpp">
      <Filter>opencv_dnn</Filter>
    </ClCompile>
    <ClCompile Include="..\..\..\..\apps\external\opencv\modules\dnn\src\graph_simplifier.cpp">
      <Filter>opencv_dnn</Filter>
    </ClCompile>
    <ClCompile Include="..\..\..\..\apps\external\opencv\modules\dnn\src\halide_scheduler.cpp">
      <Filter>opencv_dnn</Filter>
    </ClCompile>
    <ClCompile Include="..\..\..\..\apps\external\opencv\modules\dnn\src\ie_ngraph.cpp">
      <Filter>opencv_dnn</Filter>
    </ClCompile>
    <ClCompile Include="..\..\..\..\apps\external\opencv\modules\dnn\src\init.cpp">
      <Filter>opencv_dnn</Filter>
    </ClCompile>
    <ClCompile Include="..\..\..\..\apps\external\opencv\modules\dnn\src\model.cpp">
      <Filter>opencv_dnn</Filter>
    </ClCompile>
    <ClCompile Include="..\..\..\..\apps\external\opencv\modules\dnn\src\nms.cpp">
      <Filter>opencv_dnn</Filter>
    </ClCompile>
    <ClCompile Include="..\..\..\..\apps\external\opencv\modules\dnn\src\op_halide.cpp">
      <Filter>opencv_dnn</Filter>
    </ClCompile>
    <ClCompile Include="..\..\..\..\apps\external\opencv\modules\dnn\src\op_inf_engine.cpp">
      <Filter>opencv_dnn</Filter>
    </ClCompile>
    <ClCompile Include="..\..\..\..\apps\external\opencv\modules\dnn\src\op_vkcom.cpp">
      <Filter>opencv_dnn</Filter>
    </ClCompile>
    <ClCompile Include="..\..\..\..\apps\external\opencv\modules\dnn\src\caffe\caffe_importer.cpp">
      <Filter>opencv_dnn\caffe</Filter>
    </ClCompile>
    <ClCompile Include="..\..\..\..\apps\external\opencv\modules\dnn\src\caffe\caffe_io.cpp">
      <Filter>opencv_dnn\caffe</Filter>
    </ClCompile>
    <ClCompile Include="..\..\..\..\apps\external\opencv\modules\dnn\src\caffe\caffe_shrinker.cpp">
      <Filter>opencv_dnn\caffe</Filter>
    </ClCompile>
    <ClCompile Include="..\..\..\..\apps\external\opencv\modules\dnn\src\layers\accum_layer.cpp">
      <Filter>opencv_dnn\layers</Filter>
    </ClCompile>
    <ClCompile Include="..\..\..\..\apps\external\opencv\modules\dnn\src\layers\batch_norm_layer.cpp">
      <Filter>opencv_dnn\layers</Filter>
    </ClCompile>
    <ClCompile Include="..\..\..\..\apps\external\opencv\modules\dnn\src\layers\blank_layer.cpp">
      <Filter>opencv_dnn\layers</Filter>
    </ClCompile>
    <ClCompile Include="..\..\..\..\apps\external\opencv\modules\dnn\src\layers\concat_layer.cpp">
      <Filter>opencv_dnn\layers</Filter>
    </ClCompile>
    <ClCompile Include="..\..\..\..\apps\external\opencv\modules\dnn\src\layers\const_layer.cpp">
      <Filter>opencv_dnn\layers</Filter>
    </ClCompile>
    <ClCompile Include="..\..\..\..\apps\external\opencv\modules\dnn\src\layers\convolution_layer.cpp">
      <Filter>opencv_dnn\layers</Filter>
    </ClCompile>
    <ClCompile Include="..\..\..\..\apps\external\opencv\modules\dnn\src\layers\correlation_layer.cpp">
      <Filter>opencv_dnn\layers</Filter>
    </ClCompile>
    <ClCompile Include="..\..\..\..\apps\external\opencv\modules\dnn\src\layers\crop_and_resize_layer.cpp">
      <Filter>opencv_dnn\layers</Filter>
    </ClCompile>
    <ClCompile Include="..\..\..\..\apps\external\opencv\modules\dnn\src\layers\detection_output_layer.cpp">
      <Filter>opencv_dnn\layers</Filter>
    </ClCompile>
    <ClCompile Include="..\..\..\..\apps\external\opencv\modules\dnn\src\layers\elementwise_layers.cpp">
      <Filter>opencv_dnn\layers</Filter>
    </ClCompile>
    <ClCompile Include="..\..\..\..\apps\external\opencv\modules\dnn\src\layers\eltwise_layer.cpp">
      <Filter>opencv_dnn\layers</Filter>
    </ClCompile>
    <ClCompile Include="..\..\..\..\apps\external\opencv\modules\dnn\src\layers\flatten_layer.cpp">
      <Filter>opencv_dnn\layers</Filter>
    </ClCompile>
    <ClCompile Include="..\..\..\..\apps\external\opencv\modules\dnn\src\layers\flow_warp_layer.cpp">
      <Filter>opencv_dnn\layers</Filter>
    </ClCompile>
    <ClCompile Include="..\..\..\..\apps\external\opencv\modules\dnn\src\layers\fully_connected_layer.cpp">
      <Filter>opencv_dnn\layers</Filter>
    </ClCompile>
    <ClCompile Include="..\..\..\..\apps\external\opencv\modules\dnn\src\layers\layers_common.cpp">
      <Filter>opencv_dnn\layers</Filter>
    </ClCompile>
    <ClCompile Include="..\..\..\..\apps\external\opencv\modules\dnn\src\layers\lrn_layer.cpp">
      <Filter>opencv_dnn\layers</Filter>
    </ClCompile>
    <ClCompile Include="..\..\..\..\apps\external\opencv\modules\dnn\src\layers\max_unpooling_layer.cpp">
      <Filter>opencv_dnn\layers</Filter>
    </ClCompile>
    <ClCompile Include="..\..\..\..\apps\external\opencv\modules\dnn\src\layers\mvn_layer.cpp">
      <Filter>opencv_dnn\layers</Filter>
    </ClCompile>
    <ClCompile Include="..\..\..\..\apps\external\opencv\modules\dnn\src\layers\normalize_bbox_layer.cpp">
      <Filter>opencv_dnn\layers</Filter>
    </ClCompile>
    <ClCompile Include="..\..\..\..\apps\external\opencv\modules\dnn\src\layers\padding_layer.cpp">
      <Filter>opencv_dnn\layers</Filter>
    </ClCompile>
    <ClCompile Include="..\..\..\..\apps\external\opencv\modules\dnn\src\layers\permute_layer.cpp">
      <Filter>opencv_dnn\layers</Filter>
    </ClCompile>
    <ClCompile Include="..\..\..\..\apps\external\opencv\modules\dnn\src\layers\pooling_layer.cpp">
      <Filter>opencv_dnn\layers</Filter>
    </ClCompile>
    <ClCompile Include="..\..\..\..\apps\external\opencv\modules\dnn\src\layers\prior_box_layer.cpp">
      <Filter>opencv_dnn\layers</Filter>
    </ClCompile>
    <ClCompile Include="..\..\..\..\apps\external\opencv\modules\dnn\src\layers\proposal_layer.cpp">
      <Filter>opencv_dnn\layers</Filter>
    </ClCompile>
    <ClCompile Include="..\..\..\..\apps\external\opencv\modules\dnn\src\layers\recurrent_layers.cpp">
      <Filter>opencv_dnn\layers</Filter>
    </ClCompile>
    <ClCompile Include="..\..\..\..\apps\external\opencv\modules\dnn\src\layers\region_layer.cpp">
      <Filter>opencv_dnn\layers</Filter>
    </ClCompile>
    <ClCompile Include="..\..\..\..\apps\external\opencv\modules\dnn\src\layers\reorg_layer.cpp">
      <Filter>opencv_dnn\layers</Filter>
    </ClCompile>
    <ClCompile Include="..\..\..\..\apps\external\opencv\modules\dnn\src\layers\reshape_layer.cpp">
      <Filter>opencv_dnn\layers</Filter>
    </ClCompile>
    <ClCompile Include="..\..\..\..\apps\external\opencv\modules\dnn\src\layers\resize_layer.cpp">
      <Filter>opencv_dnn\layers</Filter>
    </ClCompile>
    <ClCompile Include="..\..\..\..\apps\external\opencv\modules\dnn\src\layers\scale_layer.cpp">
      <Filter>opencv_dnn\layers</Filter>
    </ClCompile>
    <ClCompile Include="..\..\..\..\apps\external\opencv\modules\dnn\src\layers\shuffle_channel_layer.cpp">
      <Filter>opencv_dnn\layers</Filter>
    </ClCompile>
    <ClCompile Include="..\..\..\..\apps\external\opencv\modules\dnn\src\layers\slice_layer.cpp">
      <Filter>opencv_dnn\layers</Filter>
    </ClCompile>
    <ClCompile Include="..\..\..\..\apps\external\opencv\modules\dnn\src\layers\softmax_layer.cpp">
      <Filter>opencv_dnn\layers</Filter>
    </ClCompile>
    <ClCompile Include="..\..\..\..\apps\external\opencv\modules\dnn\src\layers\split_layer.cpp">
      <Filter>opencv_dnn\layers</Filter>
    </ClCompile>
    <ClCompile Include="..\..\..\..\apps\external\opencv\modules\features2d\src\affine_feature.cpp">
      <Filter>opencv_feature2d</Filter>
    </ClCompile>
    <ClCompile Include="..\..\..\..\apps\external\opencv\modules\features2d\src\agast.cpp">
      <Filter>opencv_feature2d</Filter>
    </ClCompile>
    <ClCompile Include="..\..\..\..\apps\external\opencv\modules\features2d\src\agast_score.cpp">
      <Filter>opencv_feature2d</Filter>
    </ClCompile>
    <ClCompile Include="..\..\..\..\apps\external\opencv\modules\features2d\src\akaze.cpp">
      <Filter>opencv_feature2d</Filter>
    </ClCompile>
    <ClCompile Include="..\..\..\..\apps\external\opencv\modules\features2d\src\bagofwords.cpp">
      <Filter>opencv_feature2d</Filter>
    </ClCompile>
    <ClCompile Include="..\..\..\..\apps\external\opencv\modules\features2d\src\blobdetector.cpp">
      <Filter>opencv_feature2d</Filter>
    </ClCompile>
    <ClCompile Include="..\..\..\..\apps\external\opencv\modules\features2d\src\brisk.cpp">
      <Filter>opencv_feature2d</Filter>
    </ClCompile>
    <ClCompile Include="..\..\..\..\apps\external\opencv\modules\features2d\src\draw.cpp">
      <Filter>opencv_feature2d</Filter>
    </ClCompile>
    <ClCompile Include="..\..\..\..\apps\external\opencv\modules\features2d\src\dynamic.cpp">
      <Filter>opencv_feature2d</Filter>
    </ClCompile>
    <ClCompile Include="..\..\..\..\apps\external\opencv\modules\features2d\src\evaluation.cpp">
      <Filter>opencv_feature2d</Filter>
    </ClCompile>
    <ClCompile Include="..\..\..\..\apps\external\opencv\modules\features2d\src\fast.avx2.cpp">
      <Filter>opencv_feature2d</Filter>
    </ClCompile>
    <ClCompile Include="..\..\..\..\apps\external\opencv\modules\features2d\src\fast.cpp">
      <Filter>opencv_feature2d</Filter>
    </ClCompile>
    <ClCompile Include="..\..\..\..\apps\external\opencv\modules\features2d\src\fast_score.cpp">
      <Filter>opencv_feature2d</Filter>
    </ClCompile>
    <ClCompile Include="..\..\..\..\apps\external\opencv\modules\features2d\src\feature2d.cpp">
      <Filter>opencv_feature2d</Filter>
    </ClCompile>
    <ClCompile Include="..\..\..\..\apps\external\opencv\modules\features2d\src\gftt.cpp">
      <Filter>opencv_feature2d</Filter>
    </ClCompile>
    <ClCompile Include="..\..\..\..\apps\external\opencv\modules\features2d\src\kaze.cpp">
      <Filter>opencv_feature2d</Filter>
    </ClCompile>
    <ClCompile Include="..\..\..\..\apps\external\opencv\modules\features2d\src\keypoint.cpp">
      <Filter>opencv_feature2d</Filter>
    </ClCompile>
    <ClCompile Include="..\..\..\..\apps\external\opencv\modules\features2d\src\main.cpp">
      <Filter>opencv_feature2d</Filter>
    </ClCompile>
    <ClCompile Include="..\..\..\..\apps\external\opencv\modules\features2d\src\matchers.cpp">
      <Filter>opencv_feature2d</Filter>
    </ClCompile>
    <ClCompile Include="..\..\..\..\apps\external\opencv\modules\features2d\src\mser.cpp">
      <Filter>opencv_feature2d</Filter>
    </ClCompile>
    <ClCompile Include="..\..\..\..\apps\external\opencv\modules\features2d\src\orb.cpp">
      <Filter>opencv_feature2d</Filter>
    </ClCompile>
    <ClCompile Include="..\..\..\..\apps\external\opencv\modules\features2d\src\sift.dispatch.cpp">
      <Filter>opencv_feature2d</Filter>
    </ClCompile>
    <ClCompile Include="..\..\..\..\apps\external\opencv\modules\features2d\src\kaze\AKAZEFeatures.cpp">
      <Filter>opencv_feature2d\kaze</Filter>
    </ClCompile>
    <ClCompile Include="..\..\..\..\apps\external\opencv\modules\features2d\src\kaze\fed.cpp">
      <Filter>opencv_feature2d\kaze</Filter>
    </ClCompile>
    <ClCompile Include="..\..\..\..\apps\external\opencv\modules\features2d\src\kaze\KAZEFeatures.cpp">
      <Filter>opencv_feature2d\kaze</Filter>
    </ClCompile>
    <ClCompile Include="..\..\..\..\apps\external\opencv\modules\features2d\src\kaze\nldiffusion_functions.cpp">
      <Filter>opencv_feature2d\kaze</Filter>
    </ClCompile>
    <ClCompile Include="..\..\..\..\apps\external\opencv\modules\flann\src\flann.cpp">
      <Filter>opencv_flann</Filter>
    </ClCompile>
    <ClCompile Include="..\..\..\..\apps\external\opencv\modules\flann\src\miniflann.cpp">
      <Filter>opencv_flann</Filter>
    </ClCompile>
    <ClCompile Include="..\..\..\..\apps\external\opencv\modules\imgproc\src\accum.cpp">
      <Filter>opencv_imgproc</Filter>
    </ClCompile>
    <ClCompile Include="..\..\..\..\apps\external\opencv\modules\imgproc\src\accum.dispatch.cpp">
      <Filter>opencv_imgproc</Filter>
    </ClCompile>
    <ClCompile Include="..\..\..\..\apps\external\opencv\modules\imgproc\src\approx.cpp">
      <Filter>opencv_imgproc</Filter>
    </ClCompile>
    <ClCompile Include="..\..\..\..\apps\external\opencv\modules\imgproc\src\bilateral_filter.dispatch.cpp">
      <Filter>opencv_imgproc</Filter>
    </ClCompile>
    <ClCompile Include="..\..\..\..\apps\external\opencv\modules\imgproc\src\blend.cpp">
      <Filter>opencv_imgproc</Filter>
    </ClCompile>
    <ClCompile Include="..\..\..\..\apps\external\opencv\modules\imgproc\src\box_filter.dispatch.cpp">
      <Filter>opencv_imgproc</Filter>
    </ClCompile>
    <ClCompile Include="..\..\..\..\apps\external\opencv\modules\imgproc\src\canny.cpp">
      <Filter>opencv_imgproc</Filter>
    </ClCompile>
    <ClCompile Include="..\..\..\..\apps\external\opencv\modules\imgproc\src\clahe.cpp">
      <Filter>opencv_imgproc</Filter>
    </ClCompile>
    <ClCompile Include="..\..\..\..\apps\external\opencv\modules\imgproc\src\color.cpp">
      <Filter>opencv_imgproc</Filter>
    </ClCompile>
    <ClCompile Include="..\..\..\..\apps\external\opencv\modules\imgproc\src\color_hsv.dispatch.cpp">
      <Filter>opencv_imgproc</Filter>
    </ClCompile>
    <ClCompile Include="..\..\..\..\apps\external\opencv\modules\imgproc\src\color_lab.cpp">
      <Filter>opencv_imgproc</Filter>
    </ClCompile>
    <ClCompile Include="..\..\..\..\apps\external\opencv\modules\imgproc\src\color_rgb.dispatch.cpp">
      <Filter>opencv_imgproc</Filter>
    </ClCompile>
    <ClCompile Include="..\..\..\..\apps\external\opencv\modules\imgproc\src\color_yuv.dispatch.cpp">
      <Filter>opencv_imgproc</Filter>
    </ClCompile>
    <ClCompile Include="..\..\..\..\apps\external\opencv\modules\imgproc\src\colormap.cpp">
      <Filter>opencv_imgproc</Filter>
    </ClCompile>
    <ClCompile Include="..\..\..\..\apps\external\opencv\modules\imgproc\src\connectedcomponents.cpp">
      <Filter>opencv_imgproc</Filter>
    </ClCompile>
    <ClCompile Include="..\..\..\..\apps\external\opencv\modules\imgproc\src\contours.cpp">
      <Filter>opencv_imgproc</Filter>
    </ClCompile>
    <ClCompile Include="..\..\..\..\apps\external\opencv\modules\imgproc\src\convhull.cpp">
      <Filter>opencv_imgproc</Filter>
    </ClCompile>
    <ClCompile Include="..\..\..\..\apps\external\opencv\modules\imgproc\src\corner.avx.cpp">
      <Filter>opencv_imgproc</Filter>
    </ClCompile>
    <ClCompile Include="..\..\..\..\apps\external\opencv\modules\imgproc\src\corner.cpp">
      <Filter>opencv_imgproc</Filter>
    </ClCompile>
    <ClCompile Include="..\..\..\..\apps\external\opencv\modules\imgproc\src\cornersubpix.cpp">
      <Filter>opencv_imgproc</Filter>
    </ClCompile>
    <ClCompile Include="..\..\..\..\apps\external\opencv\modules\imgproc\src\demosaicing.cpp">
      <Filter>opencv_imgproc</Filter>
    </ClCompile>
    <ClCompile Include="..\..\..\..\apps\external\opencv\modules\imgproc\src\deriv.cpp">
      <Filter>opencv_imgproc</Filter>
    </ClCompile>
    <ClCompile Include="..\..\..\..\apps\external\opencv\modules\imgproc\src\distransform.cpp">
      <Filter>opencv_imgproc</Filter>
    </ClCompile>
    <ClCompile Include="..\..\..\..\apps\external\opencv\modules\imgproc\src\drawing.cpp">
      <Filter>opencv_imgproc</Filter>
    </ClCompile>
    <ClCompile Include="..\..\..\..\apps\external\opencv\modules\imgproc\src\emd.cpp">
      <Filter>opencv_imgproc</Filter>
    </ClCompile>
    <ClCompile Include="..\..\..\..\apps\external\opencv\modules\imgproc\src\featureselect.cpp">
      <Filter>opencv_imgproc</Filter>
    </ClCompile>
    <ClCompile Include="..\..\..\..\apps\external\opencv\modules\imgproc\src\filter.dispatch.cpp">
      <Filter>opencv_imgproc</Filter>
    </ClCompile>
    <ClCompile Include="..\..\..\..\apps\external\opencv\modules\imgproc\src\floodfill.cpp">
      <Filter>opencv_imgproc</Filter>
    </ClCompile>
    <ClCompile Include="..\..\..\..\apps\external\opencv\modules\imgproc\src\gabor.cpp">
      <Filter>opencv_imgproc</Filter>
    </ClCompile>
    <ClCompile Include="..\..\..\..\apps\external\opencv\modules\imgproc\src\generalized_hough.cpp">
      <Filter>opencv_imgproc</Filter>
    </ClCompile>
    <ClCompile Include="..\..\..\..\apps\external\opencv\modules\imgproc\src\geometry.cpp">
      <Filter>opencv_imgproc</Filter>
    </ClCompile>
    <ClCompile Include="..\..\..\..\apps\external\opencv\modules\imgproc\src\grabcut.cpp">
      <Filter>opencv_imgproc</Filter>
    </ClCompile>
    <ClCompile Include="..\..\..\..\apps\external\opencv\modules\imgproc\src\hershey_fonts.cpp">
      <Filter>opencv_imgproc</Filter>
    </ClCompile>
    <ClCompile Include="..\..\..\..\apps\external\opencv\modules\imgproc\src\histogram.cpp">
      <Filter>opencv_imgproc</Filter>
    </ClCompile>
    <ClCompile Include="..\..\..\..\apps\external\opencv\modules\imgproc\src\hough.cpp">
      <Filter>opencv_imgproc</Filter>
    </ClCompile>
    <ClCompile Include="..\..\..\..\apps\external\opencv\modules\imgproc\src\imgwarp.avx2.cpp">
      <Filter>opencv_imgproc</Filter>
    </ClCompile>
    <ClCompile Include="..\..\..\..\apps\external\opencv\modules\imgproc\src\imgwarp.cpp">
      <Filter>opencv_imgproc</Filter>
    </ClCompile>
    <ClCompile Include="..\..\..\..\apps\external\opencv\modules\imgproc\src\imgwarp.sse4_1.cpp">
      <Filter>opencv_imgproc</Filter>
    </ClCompile>
    <ClCompile Include="..\..\..\..\apps\external\opencv\modules\imgproc\src\intersection.cpp">
      <Filter>opencv_imgproc</Filter>
    </ClCompile>
    <ClCompile Include="..\..\..\..\apps\external\opencv\modules\imgproc\src\linefit.cpp">
      <Filter>opencv_imgproc</Filter>
    </ClCompile>
    <ClCompile Include="..\..\..\..\apps\external\opencv\modules\imgproc\src\lsd.cpp">
      <Filter>opencv_imgproc</Filter>
    </ClCompile>
    <ClCompile Include="..\..\..\..\apps\external\opencv\modules\imgproc\src\main.cpp">
      <Filter>opencv_imgproc</Filter>
    </ClCompile>
    <ClCompile Include="..\..\..\..\apps\external\opencv\modules\imgproc\src\matchcontours.cpp">
      <Filter>opencv_imgproc</Filter>
    </ClCompile>
    <ClCompile Include="..\..\..\..\apps\external\opencv\modules\imgproc\src\median_blur.dispatch.cpp">
      <Filter>opencv_imgproc</Filter>
    </ClCompile>
    <ClCompile Include="..\..\..\..\apps\external\opencv\modules\imgproc\src\min_enclosing_triangle.cpp">
      <Filter>opencv_imgproc</Filter>
    </ClCompile>
    <ClCompile Include="..\..\..\..\apps\external\opencv\modules\imgproc\src\moments.cpp">
      <Filter>opencv_imgproc</Filter>
    </ClCompile>
    <ClCompile Include="..\..\..\..\apps\external\opencv\modules\imgproc\src\morph.dispatch.cpp">
      <Filter>opencv_imgproc</Filter>
    </ClCompile>
    <ClCompile Include="..\..\..\..\apps\external\opencv\modules\imgproc\src\phasecorr.cpp">
      <Filter>opencv_imgproc</Filter>
    </ClCompile>
    <ClCompile Include="..\..\..\..\apps\external\opencv\modules\imgproc\src\pyramids.cpp">
      <Filter>opencv_imgproc</Filter>
    </ClCompile>
    <ClCompile Include="..\..\..\..\apps\external\opencv\modules\imgproc\src\resize.avx2.cpp">
      <Filter>opencv_imgproc</Filter>
    </ClCompile>
    <ClCompile Include="..\..\..\..\apps\external\opencv\modules\imgproc\src\resize.cpp">
      <Filter>opencv_imgproc</Filter>
    </ClCompile>
    <ClCompile Include="..\..\..\..\apps\external\opencv\modules\imgproc\src\resize.sse4_1.cpp">
      <Filter>opencv_imgproc</Filter>
    </ClCompile>
    <ClCompile Include="..\..\..\..\apps\external\opencv\modules\imgproc\src\rotcalipers.cpp">
      <Filter>opencv_imgproc</Filter>
    </ClCompile>
    <ClCompile Include="..\..\..\..\apps\external\opencv\modules\imgproc\src\samplers.cpp">
      <Filter>opencv_imgproc</Filter>
    </ClCompile>
    <ClCompile Include="..\..\..\..\apps\external\opencv\modules\imgproc\src\segmentation.cpp">
      <Filter>opencv_imgproc</Filter>
    </ClCompile>
    <ClCompile Include="..\..\..\..\apps\external\opencv\modules\imgproc\src\shapedescr.cpp">
      <Filter>opencv_imgproc</Filter>
    </ClCompile>
    <ClCompile Include="..\..\..\..\apps\external\opencv\modules\imgproc\src\smooth.dispatch.cpp">
      <Filter>opencv_imgproc</Filter>
    </ClCompile>
    <ClCompile Include="..\..\..\..\apps\external\opencv\modules\imgproc\src\spatialgradient.cpp">
      <Filter>opencv_imgproc</Filter>
    </ClCompile>
    <ClCompile Include="..\..\..\..\apps\external\opencv\modules\imgproc\src\subdivision2d.cpp">
      <Filter>opencv_imgproc</Filter>
    </ClCompile>
    <ClCompile Include="..\..\..\..\apps\external\opencv\modules\imgproc\src\sumpixels.dispatch.cpp">
      <Filter>opencv_imgproc</Filter>
    </ClCompile>
    <ClCompile Include="..\..\..\..\apps\external\opencv\modules\imgproc\src\tables.cpp">
      <Filter>opencv_imgproc</Filter>
    </ClCompile>
    <ClCompile Include="..\..\..\..\apps\external\opencv\modules\imgproc\src\templmatch.cpp">
      <Filter>opencv_imgproc</Filter>
    </ClCompile>
    <ClCompile Include="..\..\..\..\apps\external\opencv\modules\imgproc\src\thresh.cpp">
      <Filter>opencv_imgproc</Filter>
    </ClCompile>
    <ClCompile Include="..\..\..\..\apps\external\opencv\modules\imgproc\src\utils.cpp">
      <Filter>opencv_imgproc</Filter>
    </ClCompile>
    <ClCompile Include="..\..\..\..\apps\external\opencv\modules\ml\src\ann_mlp.cpp">
      <Filter>opencv_ml</Filter>
    </ClCompile>
    <ClCompile Include="..\..\..\..\apps\external\opencv\modules\ml\src\boost.cpp">
      <Filter>opencv_ml</Filter>
    </ClCompile>
    <ClCompile Include="..\..\..\..\apps\external\opencv\modules\ml\src\data.cpp">
      <Filter>opencv_ml</Filter>
    </ClCompile>
    <ClCompile Include="..\..\..\..\apps\external\opencv\modules\ml\src\em.cpp">
      <Filter>opencv_ml</Filter>
    </ClCompile>
    <ClCompile Include="..\..\..\..\apps\external\opencv\modules\ml\src\gbt.cpp">
      <Filter>opencv_ml</Filter>
    </ClCompile>
    <ClCompile Include="..\..\..\..\apps\external\opencv\modules\ml\src\inner_functions.cpp">
      <Filter>opencv_ml</Filter>
    </ClCompile>
    <ClCompile Include="..\..\..\..\apps\external\opencv\modules\ml\src\kdtree.cpp">
      <Filter>opencv_ml</Filter>
    </ClCompile>
    <ClCompile Include="..\..\..\..\apps\external\opencv\modules\ml\src\knearest.cpp">
      <Filter>opencv_ml</Filter>
    </ClCompile>
    <ClCompile Include="..\..\..\..\apps\external\opencv\modules\ml\src\lr.cpp">
      <Filter>opencv_ml</Filter>
    </ClCompile>
    <ClCompile Include="..\..\..\..\apps\external\opencv\modules\ml\src\nbayes.cpp">
      <Filter>opencv_ml</Filter>
    </ClCompile>
    <ClCompile Include="..\..\..\..\apps\external\opencv\modules\ml\src\rtrees.cpp">
      <Filter>opencv_ml</Filter>
    </ClCompile>
    <ClCompile Include="..\..\..\..\apps\external\opencv\modules\ml\src\svm.cpp">
      <Filter>opencv_ml</Filter>
    </ClCompile>
    <ClCompile Include="..\..\..\..\apps\external\opencv\modules\ml\src\svmsgd.cpp">
      <Filter>opencv_ml</Filter>
    </ClCompile>
    <ClCompile Include="..\..\..\..\apps\external\opencv\modules\ml\src\testset.cpp">
      <Filter>opencv_ml</Filter>
    </ClCompile>
    <ClCompile Include="..\..\..\..\apps\external\opencv\modules\ml\src\tree.cpp">
      <Filter>opencv_ml</Filter>
    </ClCompile>
    <ClCompile Include="..\..\..\..\apps\external\opencv\modules\objdetect\src\cascadedetect.cpp">
      <Filter>opencv_objdetect</Filter>
    </ClCompile>
    <ClCompile Include="..\..\..\..\apps\external\opencv\modules\objdetect\src\cascadedetect_convert.cpp">
      <Filter>opencv_objdetect</Filter>
    </ClCompile>
    <ClCompile Include="..\..\..\..\apps\external\opencv\modules\objdetect\src\detection_based_tracker.cpp">
      <Filter>opencv_objdetect</Filter>
    </ClCompile>
    <ClCompile Include="..\..\..\..\apps\external\opencv\modules\objdetect\src\hog.cpp">
      <Filter>opencv_objdetect</Filter>
    </ClCompile>
    <ClCompile Include="..\..\..\..\apps\external\opencv\modules\objdetect\src\main.cpp">
      <Filter>opencv_objdetect</Filter>
    </ClCompile>
    <ClCompile Include="..\..\..\..\apps\external\opencv\modules\objdetect\src\qrcode.cpp">
      <Filter>opencv_objdetect</Filter>
    </ClCompile>
    <ClCompile Include="..\..\..\..\apps\external\opencv\modules\photo\src\align.cpp">
      <Filter>opencv_photo</Filter>
    </ClCompile>
    <ClCompile Include="..\..\..\..\apps\external\opencv\modules\photo\src\calibrate.cpp">
      <Filter>opencv_photo</Filter>
    </ClCompile>
    <ClCompile Include="..\..\..\..\apps\external\opencv\modules\photo\src\contrast_preserve.cpp">
      <Filter>opencv_photo</Filter>
    </ClCompile>
    <ClCompile Include="..\..\..\..\apps\external\opencv\modules\photo\src\denoise_tvl1.cpp">
      <Filter>opencv_photo</Filter>
    </ClCompile>
    <ClCompile Include="..\..\..\..\apps\external\opencv\modules\photo\src\denoising.cpp">
      <Filter>opencv_photo</Filter>
    </ClCompile>
    <ClCompile Include="..\..\..\..\apps\external\opencv\modules\photo\src\denoising.cuda.cpp">
      <Filter>opencv_photo</Filter>
    </ClCompile>
    <ClCompile Include="..\..\..\..\apps\external\opencv\modules\photo\src\hdr_common.cpp">
      <Filter>opencv_photo</Filter>
    </ClCompile>
    <ClCompile Include="..\..\..\..\apps\external\opencv\modules\photo\src\inpaint.cpp">
      <Filter>opencv_photo</Filter>
    </ClCompile>
    <ClCompile Include="..\..\..\..\apps\external\opencv\modules\photo\src\merge.cpp">
      <Filter>opencv_photo</Filter>
    </ClCompile>
    <ClCompile Include="..\..\..\..\apps\external\opencv\modules\photo\src\npr.cpp">
      <Filter>opencv_photo</Filter>
    </ClCompile>
    <ClCompile Include="..\..\..\..\apps\external\opencv\modules\photo\src\seamless_cloning.cpp">
      <Filter>opencv_photo</Filter>
    </ClCompile>
    <ClCompile Include="..\..\..\..\apps\external\opencv\modules\photo\src\seamless_cloning_impl.cpp">
      <Filter>opencv_photo</Filter>
    </ClCompile>
    <ClCompile Include="..\..\..\..\apps\external\opencv\modules\photo\src\tonemap.cpp">
      <Filter>opencv_photo</Filter>
    </ClCompile>
    <ClCompile Include="..\..\..\..\apps\external\opencv\modules\stitching\src\autocalib.cpp">
      <Filter>opencv_stitching</Filter>
    </ClCompile>
    <ClCompile Include="..\..\..\..\apps\external\opencv\modules\stitching\src\blenders.cpp">
      <Filter>opencv_stitching</Filter>
    </ClCompile>
    <ClCompile Include="..\..\..\..\apps\external\opencv\modules\stitching\src\camera.cpp">
      <Filter>opencv_stitching</Filter>
    </ClCompile>
    <ClCompile Include="..\..\..\..\apps\external\opencv\modules\stitching\src\exposure_compensate.cpp">
      <Filter>opencv_stitching</Filter>
    </ClCompile>
    <ClCompile Include="..\..\..\..\apps\external\opencv\modules\stitching\src\matchers.cpp">
      <Filter>opencv_stitching</Filter>
    </ClCompile>
    <ClCompile Include="..\..\..\..\apps\external\opencv\modules\stitching\src\motion_estimators.cpp">
      <Filter>opencv_stitching</Filter>
    </ClCompile>
    <ClCompile Include="..\..\..\..\apps\external\opencv\modules\stitching\src\seam_finders.cpp">
      <Filter>opencv_stitching</Filter>
    </ClCompile>
    <ClCompile Include="..\..\..\..\apps\external\opencv\modules\stitching\src\stitcher.cpp">
      <Filter>opencv_stitching</Filter>
    </ClCompile>
    <ClCompile Include="..\..\..\..\apps\external\opencv\modules\stitching\src\timelapsers.cpp">
      <Filter>opencv_stitching</Filter>
    </ClCompile>
    <ClCompile Include="..\..\..\..\apps\external\opencv\modules\stitching\src\util.cpp">
      <Filter>opencv_stitching</Filter>
    </ClCompile>
    <ClCompile Include="..\..\..\..\apps\external\opencv\modules\stitching\src\warpers.cpp">
      <Filter>opencv_stitching</Filter>
    </ClCompile>
    <ClCompile Include="..\..\..\..\apps\external\opencv\modules\stitching\src\warpers_cuda.cpp">
      <Filter>opencv_stitching</Filter>
    </ClCompile>
    <ClCompile Include="..\..\..\..\apps\external\opencv\modules\video\src\bgfg_gaussmix2.cpp">
      <Filter>opencv_video</Filter>
    </ClCompile>
    <ClCompile Include="..\..\..\..\apps\external\opencv\modules\video\src\bgfg_KNN.cpp">
      <Filter>opencv_video</Filter>
    </ClCompile>
    <ClCompile Include="..\..\..\..\apps\external\opencv\modules\video\src\camshift.cpp">
      <Filter>opencv_video</Filter>
    </ClCompile>
    <ClCompile Include="..\..\..\..\apps\external\opencv\modules\video\src\dis_flow.cpp">
      <Filter>opencv_video</Filter>
    </ClCompile>
    <ClCompile Include="..\..\..\..\apps\external\opencv\modules\video\src\ecc.cpp">
      <Filter>opencv_video</Filter>
    </ClCompile>
    <ClCompile Include="..\..\..\..\apps\external\opencv\modules\video\src\kalman.cpp">
      <Filter>opencv_video</Filter>
    </ClCompile>
    <ClCompile Include="..\..\..\..\apps\external\opencv\modules\video\src\lkpyramid.cpp">
      <Filter>opencv_video</Filter>
    </ClCompile>
    <ClCompile Include="..\..\..\..\apps\external\opencv\modules\video\src\optflowgf.cpp">
      <Filter>opencv_video</Filter>
    </ClCompile>
    <ClCompile Include="..\..\..\..\apps\external\opencv\modules\video\src\optical_flow_io.cpp">
      <Filter>opencv_video</Filter>
    </ClCompile>
    <ClCompile Include="..\..\..\..\apps\external\opencv\modules\video\src\variational_refinement.cpp">
      <Filter>opencv_video</Filter>
    </ClCompile>
    <ClCompile Include="..\..\..\..\apps\external\opencv\modules\video\src\tracking\tracker.cpp">
      <Filter>opencv_video\tracking</Filter>
    </ClCompile>
    <ClCompile Include="..\..\..\..\apps\external\opencv\modules\video\src\tracking\tracker_goturn.cpp">
      <Filter>opencv_video\tracking</Filter>
    </ClCompile>
    <ClCompile Include="..\..\..\..\apps\external\opencv\modules\video\src\tracking\tracker_mil.cpp">
      <Filter>opencv_video\tracking</Filter>
    </ClCompile>
    <ClCompile Include="..\..\..\..\apps\external\opencv\modules\video\src\tracking\detail\tracker_feature.cpp">
      <Filter>opencv_video\tracking\detail</Filter>
    </ClCompile>
    <ClCompile Include="..\..\..\..\apps\external\opencv\modules\video\src\tracking\detail\tracker_feature_set.cpp">
      <Filter>opencv_video\tracking\detail</Filter>
    </ClCompile>
    <ClCompile Include="..\..\..\..\apps\external\opencv\modules\video\src\tracking\detail\tracker_mil_model.cpp">
      <Filter>opencv_video\tracking\detail</Filter>
    </ClCompile>
    <ClCompile Include="..\..\..\..\apps\external\opencv\modules\video\src\tracking\detail\tracker_mil_state.cpp">
      <Filter>opencv_video\tracking\detail</Filter>
    </ClCompile>
    <ClCompile Include="..\..\..\..\apps\external\opencv\modules\video\src\tracking\detail\tracker_model.cpp">
      <Filter>opencv_video\tracking\detail</Filter>
    </ClCompile>
    <ClCompile Include="..\..\..\..\apps\external\opencv\modules\video\src\tracking\detail\tracker_sampler.cpp">
      <Filter>opencv_video\tracking\detail</Filter>
    </ClCompile>
    <ClCompile Include="..\..\..\..\apps\external\opencv\modules\video\src\tracking\detail\tracker_sampler_algorithm.cpp">
      <Filter>opencv_video\tracking\detail</Filter>
    </ClCompile>
    <ClCompile Include="..\..\..\..\apps\external\opencv\modules\video\src\tracking\detail\tracker_state_estimator.cpp">
      <Filter>opencv_video\tracking\detail</Filter>
    </ClCompile>
    <ClCompile Include="..\..\..\..\apps\external\opencv\modules\video\src\tracking\detail\tracking_feature.cpp">
      <Filter>opencv_video\tracking\detail</Filter>
    </ClCompile>
    <ClCompile Include="..\..\..\..\apps\external\opencv\modules\video\src\tracking\detail\tracking_online_mil.cpp">
      <Filter>opencv_video\tracking\detail</Filter>
    </ClCompile>
    <ClCompile Include="..\..\..\..\apps\external\opencv\autogenerated\accum.avx.cpp">
      <Filter>autogenerated</Filter>
    </ClCompile>
    <ClCompile Include="..\..\..\..\apps\external\opencv\autogenerated\accum.avx2.cpp">
      <Filter>autogenerated</Filter>
    </ClCompile>
    <ClCompile Include="..\..\..\..\apps\external\opencv\autogenerated\accum.sse4_1.cpp">
      <Filter>autogenerated</Filter>
    </ClCompile>
    <ClCompile Include="..\..\..\..\apps\external\opencv\autogenerated\arithm.avx2.cpp">
      <Filter>autogenerated</Filter>
    </ClCompile>
    <ClCompile Include="..\..\..\..\apps\external\opencv\autogenerated\arithm.sse4_1.cpp">
      <Filter>autogenerated</Filter>
    </ClCompile>
    <ClCompile Include="..\..\..\..\apps\external\opencv\autogenerated\bilateral_filter.avx2.cpp">
      <Filter>autogenerated</Filter>
    </ClCompile>
    <ClCompile Include="..\..\..\..\apps\external\opencv\autogenerated\box_filter.avx2.cpp">
      <Filter>autogenerated</Filter>
    </ClCompile>
    <ClCompile Include="..\..\..\..\apps\external\opencv\autogenerated\box_filter.sse4_1.cpp">
      <Filter>autogenerated</Filter>
    </ClCompile>
    <ClCompile Include="..\..\..\..\apps\external\opencv\autogenerated\color_hsv.avx2.cpp">
      <Filter>autogenerated</Filter>
    </ClCompile>
    <ClCompile Include="..\..\..\..\apps\external\opencv\autogenerated\color_hsv.sse4_1.cpp">
      <Filter>autogenerated</Filter>
    </ClCompile>
    <ClCompile Include="..\..\..\..\apps\external\opencv\autogenerated\color_rgb.avx2.cpp">
      <Filter>autogenerated</Filter>
    </ClCompile>
    <ClCompile Include="..\..\..\..\apps\external\opencv\autogenerated\color_rgb.sse4_1.cpp">
      <Filter>autogenerated</Filter>
    </ClCompile>
    <ClCompile Include="..\..\..\..\apps\external\opencv\autogenerated\color_yuv.avx2.cpp">
      <Filter>autogenerated</Filter>
    </ClCompile>
    <ClCompile Include="..\..\..\..\apps\external\opencv\autogenerated\color_yuv.sse4_1.cpp">
      <Filter>autogenerated</Filter>
    </ClCompile>
    <ClCompile Include="..\..\..\..\apps\external\opencv\autogenerated\convert.avx2.cpp">
      <Filter>autogenerated</Filter>
    </ClCompile>
    <ClCompile Include="..\..\..\..\apps\external\opencv\autogenerated\convert_scale.avx2.cpp">
      <Filter>autogenerated</Filter>
    </ClCompile>
    <ClCompile Include="..\..\..\..\apps\external\opencv\autogenerated\count_non_zero.avx2.cpp">
      <Filter>autogenerated</Filter>
    </ClCompile>
    <ClCompile Include="..\..\..\..\apps\external\opencv\autogenerated\filter.avx2.cpp">
      <Filter>autogenerated</Filter>
    </ClCompile>
    <ClCompile Include="..\..\..\..\apps\external\opencv\autogenerated\filter.sse4_1.cpp">
      <Filter>autogenerated</Filter>
    </ClCompile>
    <ClCompile Include="..\..\..\..\apps\external\opencv\autogenerated\mathfuncs_core.avx.cpp">
      <Filter>autogenerated</Filter>
    </ClCompile>
    <ClCompile Include="..\..\..\..\apps\external\opencv\autogenerated\mathfuncs_core.avx2.cpp">
      <Filter>autogenerated</Filter>
    </ClCompile>
    <ClCompile Include="..\..\..\..\apps\external\opencv\autogenerated\matmul.avx2.cpp">
      <Filter>autogenerated</Filter>
    </ClCompile>
    <ClCompile Include="..\..\..\..\apps\external\opencv\autogenerated\matmul.avx512_skx.cpp">
      <Filter>autogenerated</Filter>
    </ClCompile>
    <ClCompile Include="..\..\..\..\apps\external\opencv\autogenerated\matmul.sse4_1.cpp">
      <Filter>autogenerated</Filter>
    </ClCompile>
    <ClCompile Include="..\..\..\..\apps\external\opencv\autogenerated\mean.avx2.cpp">
      <Filter>autogenerated</Filter>
    </ClCompile>
    <ClCompile Include="..\..\..\..\apps\external\opencv\autogenerated\median_blur.avx2.cpp">
      <Filter>autogenerated</Filter>
    </ClCompile>
    <ClCompile Include="..\..\..\..\apps\external\opencv\autogenerated\median_blur.sse4_1.cpp">
      <Filter>autogenerated</Filter>
    </ClCompile>
    <ClCompile Include="..\..\..\..\apps\external\opencv\autogenerated\merge.avx2.cpp">
      <Filter>autogenerated</Filter>
    </ClCompile>
    <ClCompile Include="..\..\..\..\apps\external\opencv\autogenerated\morph.avx2.cpp">
      <Filter>autogenerated</Filter>
    </ClCompile>
    <ClCompile Include="..\..\..\..\apps\external\opencv\autogenerated\morph.sse4_1.cpp">
      <Filter>autogenerated</Filter>
    </ClCompile>
    <ClCompile Include="..\..\..\..\apps\external\opencv\autogenerated\opencl_kernels_calib3d.cpp">
      <Filter>autogenerated</Filter>
    </ClCompile>
    <ClCompile Include="..\..\..\..\apps\external\opencv\autogenerated\opencl_kernels_core.cpp">
      <Filter>autogenerated</Filter>
    </ClCompile>
    <ClCompile Include="..\..\..\..\apps\external\opencv\autogenerated\opencl_kernels_features2d.cpp">
      <Filter>autogenerated</Filter>
    </ClCompile>
    <ClCompile Include="..\..\..\..\apps\external\opencv\autogenerated\opencl_kernels_imgproc.cpp">
      <Filter>autogenerated</Filter>
    </ClCompile>
    <ClCompile Include="..\..\..\..\apps\external\opencv\autogenerated\opencl_kernels_objdetect.cpp">
      <Filter>autogenerated</Filter>
    </ClCompile>
    <ClCompile Include="..\..\..\..\apps\external\opencv\autogenerated\opencl_kernels_photo.cpp">
      <Filter>autogenerated</Filter>
    </ClCompile>
    <ClCompile Include="..\..\..\..\apps\external\opencv\autogenerated\opencl_kernels_stitching.cpp">
      <Filter>autogenerated</Filter>
    </ClCompile>
    <ClCompile Include="..\..\..\..\apps\external\opencv\autogenerated\opencl_kernels_video.cpp">
      <Filter>autogenerated</Filter>
    </ClCompile>
    <ClCompile Include="..\..\..\..\apps\external\opencv\autogenerated\sift.avx2.cpp">
      <Filter>autogenerated</Filter>
    </ClCompile>
    <ClCompile Include="..\..\..\..\apps\external\opencv\autogenerated\sift.avx512_skx.cpp">
      <Filter>autogenerated</Filter>
    </ClCompile>
    <ClCompile Include="..\..\..\..\apps\external\opencv\autogenerated\sift.sse4_1.cpp">
      <Filter>autogenerated</Filter>
    </ClCompile>
    <ClCompile Include="..\..\..\..\apps\external\opencv\autogenerated\smooth.avx2.cpp">
      <Filter>autogenerated</Filter>
    </ClCompile>
    <ClCompile Include="..\..\..\..\apps\external\opencv\autogenerated\smooth.sse4_1.cpp">
      <Filter>autogenerated</Filter>
    </ClCompile>
    <ClCompile Include="..\..\..\..\apps\external\opencv\autogenerated\split.avx2.cpp">
      <Filter>autogenerated</Filter>
    </ClCompile>
    <ClCompile Include="..\..\..\..\apps\external\opencv\autogenerated\stat.avx2.cpp">
      <Filter>autogenerated</Filter>
    </ClCompile>
    <ClCompile Include="..\..\..\..\apps\external\opencv\autogenerated\stat.sse4_2.cpp">
      <Filter>autogenerated</Filter>
    </ClCompile>
    <ClCompile Include="..\..\..\..\apps\external\opencv\autogenerated\sum.avx2.cpp">
      <Filter>autogenerated</Filter>
    </ClCompile>
    <ClCompile Include="..\..\..\..\apps\external\opencv\autogenerated\sumpixels.avx2.cpp">
      <Filter>autogenerated</Filter>
    </ClCompile>
    <ClCompile Include="..\..\..\..\apps\external\opencv\autogenerated\sumpixels.avx512_skx.cpp">
      <Filter>autogenerated</Filter>
    </ClCompile>
    <ClCompile Include="..\..\..\..\apps\external\opencv\autogenerated\undistort.avx2.cpp">
      <Filter>autogenerated</Filter>
    </ClCompile>
    <ClCompile Include="..\..\..\..\apps\external\opencv\autogenerated\layers\layers_common.avx.cpp">
      <Filter>autogenerated\layers</Filter>
    </ClCompile>
    <ClCompile Include="..\..\..\..\apps\external\opencv\autogenerated\layers\layers_common.avx2.cpp">
      <Filter>autogenerated\layers</Filter>
    </ClCompile>
    <ClCompile Include="..\..\..\..\apps\external\opencv\autogenerated\layers\layers_common.avx512_skx.cpp">
      <Filter>autogenerated\layers</Filter>
    </ClCompile>
    <ClCompile Include="..\..\..\..\apps\external\opencv\autogenerated\protobuf\opencv-caffe.pb.cc">
      <Filter>autogenerated\protobuf</Filter>
    </ClCompile>
    <ClCompile Include="..\..\..\..\apps\external\zlib\adler32.c">
      <Filter>zlib</Filter>
    </ClCompile>
    <ClCompile Include="..\..\..\..\apps\external\zlib\compress.c">
      <Filter>zlib</Filter>
    </ClCompile>
    <ClCompile Include="..\..\..\..\apps\external\zlib\crc32.c">
      <Filter>zlib</Filter>
    </ClCompile>
    <ClCompile Include="..\..\..\..\apps\external\zlib\deflate.c">
      <Filter>zlib</Filter>
    </ClCompile>
    <ClCompile Include="..\..\..\..\apps\external\zlib\gzclose.c">
      <Filter>zlib</Filter>
    </ClCompile>
    <ClCompile Include="..\..\..\..\apps\external\zlib\gzlib.c">
      <Filter>zlib</Filter>
    </ClCompile>
    <ClCompile Include="..\..\..\..\apps\external\zlib\gzread.c">
      <Filter>zlib</Filter>
    </ClCompile>
    <ClCompile Include="..\..\..\..\apps\external\zlib\gzwrite.c">
      <Filter>zlib</Filter>
    </ClCompile>
    <ClCompile Include="..\..\..\..\apps\external\zlib\infback.c">
      <Filter>zlib</Filter>
    </ClCompile>
    <ClCompile Include="..\..\..\..\apps\external\zlib\inffast.c">
      <Filter>zlib</Filter>
    </ClCompile>
    <ClCompile Include="..\..\..\..\apps\external\zlib\inflate.c">
      <Filter>zlib</Filter>
    </ClCompile>
    <ClCompile Include="..\..\..\..\apps\external\zlib\inftrees.c">
      <Filter>zlib</Filter>
    </ClCompile>
    <ClCompile Include="..\..\..\..\apps\external\zlib\trees.c">
      <Filter>zlib</Filter>
    </ClCompile>
    <ClCompile Include="..\..\..\..\apps\external\zlib\uncompr.c">
      <Filter>zlib</Filter>
    </ClCompile>
    <ClCompile Include="..\..\..\..\apps\external\zlib\zutil.c">
      <Filter>zlib</Filter>
    </ClCompile>
    <ClCompile Include="..\..\..\..\apps\external\opencv\3rdparty\carotene\src\common.cpp">
      <Filter>3rdparty\carotene</Filter>
    </ClCompile>
  </ItemGroup>
  <ItemGroup>
    <ClInclude Include="..\..\..\..\apps\external\opencv\modules\calib3d\src\ap3p.h">
      <Filter>opencv_calib3d\src</Filter>
    </ClInclude>
    <ClInclude Include="..\..\..\..\apps\external\opencv\modules\calib3d\src\calib3d_c_api.h">
      <Filter>opencv_calib3d\src</Filter>
    </ClInclude>
    <ClInclude Include="..\..\..\..\apps\external\opencv\modules\calib3d\src\chessboard.hpp">
      <Filter>opencv_calib3d\src</Filter>
    </ClInclude>
    <ClInclude Include="..\..\..\..\apps\external\opencv\modules\calib3d\src\circlesgrid.hpp">
      <Filter>opencv_calib3d\src</Filter>
    </ClInclude>
    <ClInclude Include="..\..\..\..\apps\external\opencv\modules\calib3d\src\distortion_model.hpp">
      <Filter>opencv_calib3d\src</Filter>
    </ClInclude>
    <ClInclude Include="..\..\..\..\apps\external\opencv\modules\calib3d\src\dls.h">
      <Filter>opencv_calib3d\src</Filter>
    </ClInclude>
    <ClInclude Include="..\..\..\..\apps\external\opencv\modules\calib3d\src\epnp.h">
      <Filter>opencv_calib3d\src</Filter>
    </ClInclude>
    <ClInclude Include="..\..\..\..\apps\external\opencv\modules\calib3d\src\fisheye.hpp">
      <Filter>opencv_calib3d\src</Filter>
    </ClInclude>
    <ClInclude Include="..\..\..\..\apps\external\opencv\modules\calib3d\src\ippe.hpp">
      <Filter>opencv_calib3d\src</Filter>
    </ClInclude>
    <ClInclude Include="..\..\..\..\apps\external\opencv\modules\calib3d\src\p3p.h">
      <Filter>opencv_calib3d\src</Filter>
    </ClInclude>
    <ClInclude Include="..\..\..\..\apps\external\opencv\modules\calib3d\src\polynom_solver.h">
      <Filter>opencv_calib3d\src</Filter>
    </ClInclude>
    <ClInclude Include="..\..\..\..\apps\external\opencv\modules\calib3d\src\precomp.hpp">
      <Filter>opencv_calib3d\src</Filter>
    </ClInclude>
    <ClInclude Include="..\..\..\..\apps\external\opencv\modules\calib3d\src\rho.h">
      <Filter>opencv_calib3d\src</Filter>
    </ClInclude>
    <ClInclude Include="..\..\..\..\apps\external\opencv\modules\calib3d\src\sqpnp.hpp">
      <Filter>opencv_calib3d\src</Filter>
    </ClInclude>
    <ClInclude Include="..\..\..\..\apps\external\opencv\modules\calib3d\src\undistort.simd.hpp">
      <Filter>opencv_calib3d\src</Filter>
    </ClInclude>
    <ClInclude Include="..\..\..\..\apps\external\opencv\modules\calib3d\src\upnp.h">
      <Filter>opencv_calib3d\src</Filter>
    </ClInclude>
    <ClInclude Include="..\..\..\..\apps\external\opencv\modules\calib3d\src\usac.hpp">
      <Filter>opencv_calib3d\src</Filter>
    </ClInclude>
    <ClInclude Include="..\..\..\..\apps\external\opencv\modules\core\src\arithm.simd.hpp">
      <Filter>opencv_core\src</Filter>
    </ClInclude>
    <ClInclude Include="..\..\..\..\apps\external\opencv\modules\core\src\arithm_ipp.hpp">
      <Filter>opencv_core\src</Filter>
    </ClInclude>
    <ClInclude Include="..\..\..\..\apps\external\opencv\modules\core\src\bufferpool.impl.hpp">
      <Filter>opencv_core\src</Filter>
    </ClInclude>
    <ClInclude Include="..\..\..\..\apps\external\opencv\modules\core\src\convert.hpp">
      <Filter>opencv_core\src</Filter>
    </ClInclude>
    <ClInclude Include="..\..\..\..\apps\external\opencv\modules\core\src\convert.simd.hpp">
      <Filter>opencv_core\src</Filter>
    </ClInclude>
    <ClInclude Include="..\..\..\..\apps\external\opencv\modules\core\src\convert_scale.simd.hpp">
      <Filter>opencv_core\src</Filter>
    </ClInclude>
    <ClInclude Include="..\..\..\..\apps\external\opencv\modules\core\src\count_non_zero.simd.hpp">
      <Filter>opencv_core\src</Filter>
    </ClInclude>
    <ClInclude Include="..\..\..\..\apps\external\opencv\modules\core\src\directx.hpp">
      <Filter>opencv_core\src</Filter>
    </ClInclude>
    <ClInclude Include="..\..\..\..\apps\external\opencv\modules\core\src\directx.inc.hpp">
      <Filter>opencv_core\src</Filter>
    </ClInclude>
    <ClInclude Include="..\..\..\..\apps\external\opencv\modules\core\src\gl_core_3_1.hpp">
      <Filter>opencv_core\src</Filter>
    </ClInclude>
    <ClInclude Include="..\..\..\..\apps\external\opencv\modules\core\src\hal_internal.hpp">
      <Filter>opencv_core\src</Filter>
    </ClInclude>
    <ClInclude Include="..\..\..\..\apps\external\opencv\modules\core\src\hal_replacement.hpp">
      <Filter>opencv_core\src</Filter>
    </ClInclude>
    <ClInclude Include="..\..\..\..\apps\external\opencv\modules\core\src\intel_gpu_gemm.inl.hpp">
      <Filter>opencv_core\src</Filter>
    </ClInclude>
    <ClInclude Include="..\..\..\..\apps\external\opencv\modules\core\src\mathfuncs.hpp">
      <Filter>opencv_core\src</Filter>
    </ClInclude>
    <ClInclude Include="..\..\..\..\apps\external\opencv\modules\core\src\mathfuncs_core.simd.hpp">
      <Filter>opencv_core\src</Filter>
    </ClInclude>
    <ClInclude Include="..\..\..\..\apps\external\opencv\modules\core\src\matmul.simd.hpp">
      <Filter>opencv_core\src</Filter>
    </ClInclude>
    <ClInclude Include="..\..\..\..\apps\external\opencv\modules\core\src\mean.simd.hpp">
      <Filter>opencv_core\src</Filter>
    </ClInclude>
    <ClInclude Include="..\..\..\..\apps\external\opencv\modules\core\src\merge.simd.hpp">
      <Filter>opencv_core\src</Filter>
    </ClInclude>
    <ClInclude Include="..\..\..\..\apps\external\opencv\modules\core\src\ocl_disabled.impl.hpp">
      <Filter>opencv_core\src</Filter>
    </ClInclude>
    <ClInclude Include="..\..\..\..\apps\external\opencv\modules\core\src\parallel_impl.hpp">
      <Filter>opencv_core\src</Filter>
    </ClInclude>
    <ClInclude Include="..\..\..\..\apps\external\opencv\modules\core\src\persistence.hpp">
      <Filter>opencv_core\src</Filter>
    </ClInclude>
    <ClInclude Include="..\..\..\..\apps\external\opencv\modules\core\src\precomp.hpp">
      <Filter>opencv_core\src</Filter>
    </ClInclude>
    <ClInclude Include="..\..\..\..\apps\external\opencv\modules\core\src\split.simd.hpp">
      <Filter>opencv_core\src</Filter>
    </ClInclude>
    <ClInclude Include="..\..\..\..\apps\external\opencv\modules\core\src\stat.hpp">
      <Filter>opencv_core\src</Filter>
    </ClInclude>
    <ClInclude Include="..\..\..\..\apps\external\opencv\modules\core\src\stat.simd.hpp">
      <Filter>opencv_core\src</Filter>
    </ClInclude>
    <ClInclude Include="..\..\..\..\apps\external\opencv\modules\core\src\sum.simd.hpp">
      <Filter>opencv_core\src</Filter>
    </ClInclude>
    <ClInclude Include="..\..\..\..\apps\external\opencv\modules\core\src\umatrix.hpp">
      <Filter>opencv_core\src</Filter>
    </ClInclude>
    <ClInclude Include="..\..\..\..\apps\external\opencv\modules\core\src\opencl\runtime\runtime_common.hpp">
      <Filter>opencv_core\src\runtime</Filter>
    </ClInclude>
    <ClInclude Include="..\..\..\..\apps\external\opencv\modules\core\src\utils\logtagconfig.hpp">
      <Filter>opencv_core\src\utils</Filter>
    </ClInclude>
    <ClInclude Include="..\..\..\..\apps\external\opencv\modules\core\src\utils\logtagconfigparser.hpp">
      <Filter>opencv_core\src\utils</Filter>
    </ClInclude>
    <ClInclude Include="..\..\..\..\apps\external\opencv\modules\core\src\utils\logtagmanager.hpp">
      <Filter>opencv_core\src\utils</Filter>
    </ClInclude>
    <ClInclude Include="..\..\..\..\apps\external\opencv\modules\dnn\src\dnn_common.hpp">
      <Filter>opencv_dnn</Filter>
    </ClInclude>
    <ClInclude Include="..\..\..\..\apps\external\opencv\modules\dnn\src\graph_simplifier.hpp">
      <Filter>opencv_dnn</Filter>
    </ClInclude>
    <ClInclude Include="..\..\..\..\apps\external\opencv\modules\dnn\src\halide_scheduler.hpp">
      <Filter>opencv_dnn</Filter>
    </ClInclude>
    <ClInclude Include="..\..\..\..\apps\external\opencv\modules\dnn\src\ie_ngraph.hpp">
      <Filter>opencv_dnn</Filter>
    </ClInclude>
    <ClInclude Include="..\..\..\..\apps\external\opencv\modules\dnn\src\nms.inl.hpp">
      <Filter>opencv_dnn</Filter>
    </ClInclude>
    <ClInclude Include="..\..\..\..\apps\external\opencv\modules\dnn\src\op_cuda.hpp">
      <Filter>opencv_dnn</Filter>
    </ClInclude>
    <ClInclude Include="..\..\..\..\apps\external\opencv\modules\dnn\src\op_halide.hpp">
      <Filter>opencv_dnn</Filter>
    </ClInclude>
    <ClInclude Include="..\..\..\..\apps\external\opencv\modules\dnn\src\op_inf_engine.hpp">
      <Filter>opencv_dnn</Filter>
    </ClInclude>
    <ClInclude Include="..\..\..\..\apps\external\opencv\modules\dnn\src\op_vkcom.hpp">
      <Filter>opencv_dnn</Filter>
    </ClInclude>
    <ClInclude Include="..\..\..\..\apps\external\opencv\modules\dnn\src\caffe\caffe_io.hpp">
      <Filter>opencv_dnn\caffe</Filter>
    </ClInclude>
    <ClInclude Include="..\..\..\..\apps\external\opencv\modules\dnn\src\caffe\glog_emulator.hpp">
      <Filter>opencv_dnn\caffe</Filter>
    </ClInclude>
    <ClInclude Include="..\..\..\..\apps\external\opencv\modules\dnn\src\layers\layers_common.hpp">
      <Filter>opencv_dnn\layers</Filter>
    </ClInclude>
    <ClInclude Include="..\..\..\..\apps\external\opencv\modules\dnn\src\layers\layers_common.simd.hpp">
      <Filter>opencv_dnn\layers</Filter>
    </ClInclude>
    <ClInclude Include="..\..\..\..\apps\external\opencv\modules\features2d\src\agast_score.hpp">
      <Filter>opencv_feature2d</Filter>
    </ClInclude>
    <ClInclude Include="..\..\..\..\apps\external\opencv\modules\features2d\src\fast.hpp">
      <Filter>opencv_feature2d</Filter>
    </ClInclude>
    <ClInclude Include="..\..\..\..\apps\external\opencv\modules\features2d\src\fast_score.hpp">
      <Filter>opencv_feature2d</Filter>
    </ClInclude>
    <ClInclude Include="..\..\..\..\apps\external\opencv\modules\features2d\src\hal_replacement.hpp">
      <Filter>opencv_feature2d</Filter>
    </ClInclude>
    <ClInclude Include="..\..\..\..\apps\external\opencv\modules\features2d\src\precomp.hpp">
      <Filter>opencv_feature2d</Filter>
    </ClInclude>
    <ClInclude Include="..\..\..\..\apps\external\opencv\modules\features2d\src\sift.simd.hpp">
      <Filter>opencv_feature2d</Filter>
    </ClInclude>
    <ClInclude Include="..\..\..\..\apps\external\opencv\modules\features2d\src\kaze\AKAZEConfig.h">
      <Filter>opencv_feature2d\kaze</Filter>
    </ClInclude>
    <ClInclude Include="..\..\..\..\apps\external\opencv\modules\features2d\src\kaze\AKAZEFeatures.h">
      <Filter>opencv_feature2d\kaze</Filter>
    </ClInclude>
    <ClInclude Include="..\..\..\..\apps\external\opencv\modules\features2d\src\kaze\fed.h">
      <Filter>opencv_feature2d\kaze</Filter>
    </ClInclude>
    <ClInclude Include="..\..\..\..\apps\external\opencv\modules\features2d\src\kaze\KAZEConfig.h">
      <Filter>opencv_feature2d\kaze</Filter>
    </ClInclude>
    <ClInclude Include="..\..\..\..\apps\external\opencv\modules\features2d\src\kaze\KAZEFeatures.h">
      <Filter>opencv_feature2d\kaze</Filter>
    </ClInclude>
    <ClInclude Include="..\..\..\..\apps\external\opencv\modules\features2d\src\kaze\nldiffusion_functions.h">
      <Filter>opencv_feature2d\kaze</Filter>
    </ClInclude>
    <ClInclude Include="..\..\..\..\apps\external\opencv\modules\features2d\src\kaze\TEvolution.h">
      <Filter>opencv_feature2d\kaze</Filter>
    </ClInclude>
    <ClInclude Include="..\..\..\..\apps\external\opencv\modules\features2d\src\kaze\utils.h">
      <Filter>opencv_feature2d\kaze</Filter>
    </ClInclude>
    <ClInclude Include="..\..\..\..\apps\external\opencv\modules\imgproc\src\accum.simd.hpp">
      <Filter>opencv_imgproc</Filter>
    </ClInclude>
    <ClInclude Include="..\..\..\..\apps\external\opencv\modules\imgproc\src\bilateral_filter.simd.hpp">
      <Filter>opencv_imgproc</Filter>
    </ClInclude>
    <ClInclude Include="..\..\..\..\apps\external\opencv\modules\imgproc\src\box_filter.simd.hpp">
      <Filter>opencv_imgproc</Filter>
    </ClInclude>
    <ClInclude Include="..\..\..\..\apps\external\opencv\modules\imgproc\src\color.hpp">
      <Filter>opencv_imgproc</Filter>
    </ClInclude>
    <ClInclude Include="..\..\..\..\apps\external\opencv\modules\imgproc\src\color.simd_helpers.hpp">
      <Filter>opencv_imgproc</Filter>
    </ClInclude>
    <ClInclude Include="..\..\..\..\apps\external\opencv\modules\imgproc\src\color_hsv.simd.hpp">
      <Filter>opencv_imgproc</Filter>
    </ClInclude>
    <ClInclude Include="..\..\..\..\apps\external\opencv\modules\imgproc\src\color_rgb.simd.hpp">
      <Filter>opencv_imgproc</Filter>
    </ClInclude>
    <ClInclude Include="..\..\..\..\apps\external\opencv\modules\imgproc\src\color_yuv.simd.hpp">
      <Filter>opencv_imgproc</Filter>
    </ClInclude>
    <ClInclude Include="..\..\..\..\apps\external\opencv\modules\imgproc\src\corner.hpp">
      <Filter>opencv_imgproc</Filter>
    </ClInclude>
    <ClInclude Include="..\..\..\..\apps\external\opencv\modules\imgproc\src\filter.hpp">
      <Filter>opencv_imgproc</Filter>
    </ClInclude>
    <ClInclude Include="..\..\..\..\apps\external\opencv\modules\imgproc\src\filter.simd.hpp">
      <Filter>opencv_imgproc</Filter>
    </ClInclude>
    <ClInclude Include="..\..\..\..\apps\external\opencv\modules\imgproc\src\filterengine.hpp">
      <Filter>opencv_imgproc</Filter>
    </ClInclude>
    <ClInclude Include="..\..\..\..\apps\external\opencv\modules\imgproc\src\fixedpoint.inl.hpp">
      <Filter>opencv_imgproc</Filter>
    </ClInclude>
    <ClInclude Include="..\..\..\..\apps\external\opencv\modules\imgproc\src\hal_replacement.hpp">
      <Filter>opencv_imgproc</Filter>
    </ClInclude>
    <ClInclude Include="..\..\..\..\apps\external\opencv\modules\imgproc\src\imgwarp.hpp">
      <Filter>opencv_imgproc</Filter>
    </ClInclude>
    <ClInclude Include="..\..\..\..\apps\external\opencv\modules\imgproc\src\median_blur.simd.hpp">
      <Filter>opencv_imgproc</Filter>
    </ClInclude>
    <ClInclude Include="..\..\..\..\apps\external\opencv\modules\imgproc\src\morph.simd.hpp">
      <Filter>opencv_imgproc</Filter>
    </ClInclude>
    <ClInclude Include="..\..\..\..\apps\external\opencv\modules\imgproc\src\precomp.hpp">
      <Filter>opencv_imgproc</Filter>
    </ClInclude>
    <ClInclude Include="..\..\..\..\apps\external\opencv\modules\imgproc\src\resize.hpp">
      <Filter>opencv_imgproc</Filter>
    </ClInclude>
    <ClInclude Include="..\..\..\..\apps\external\opencv\modules\imgproc\src\smooth.simd.hpp">
      <Filter>opencv_imgproc</Filter>
    </ClInclude>
    <ClInclude Include="..\..\..\..\apps\external\opencv\modules\imgproc\src\sumpixels.avx512_skx.hpp">
      <Filter>opencv_imgproc</Filter>
    </ClInclude>
    <ClInclude Include="..\..\..\..\apps\external\opencv\modules\imgproc\src\sumpixels.simd.hpp">
      <Filter>opencv_imgproc</Filter>
    </ClInclude>
    <ClInclude Include="..\..\..\..\apps\external\opencv\modules\ml\src\kdtree.hpp">
      <Filter>opencv_ml</Filter>
    </ClInclude>
    <ClInclude Include="..\..\..\..\apps\external\opencv\modules\ml\src\precomp.hpp">
      <Filter>opencv_ml</Filter>
    </ClInclude>
    <ClInclude Include="..\..\..\..\apps\external\opencv\modules\objdetect\src\cascadedetect.hpp">
      <Filter>opencv_objdetect</Filter>
    </ClInclude>
    <ClInclude Include="..\..\..\..\apps\external\opencv\modules\objdetect\src\precomp.hpp">
      <Filter>opencv_objdetect</Filter>
    </ClInclude>
    <ClInclude Include="..\..\..\..\apps\external\opencv\modules\photo\src\arrays.hpp">
      <Filter>opencv_photo</Filter>
    </ClInclude>
    <ClInclude Include="..\..\..\..\apps\external\opencv\modules\photo\src\contrast_preserve.hpp">
      <Filter>opencv_photo</Filter>
    </ClInclude>
    <ClInclude Include="..\..\..\..\apps\external\opencv\modules\photo\src\fast_nlmeans_denoising_invoker.hpp">
      <Filter>opencv_photo</Filter>
    </ClInclude>
    <ClInclude Include="..\..\..\..\apps\external\opencv\modules\photo\src\fast_nlmeans_denoising_invoker_commons.hpp">
      <Filter>opencv_photo</Filter>
    </ClInclude>
    <ClInclude Include="..\..\..\..\apps\external\opencv\modules\photo\src\fast_nlmeans_denoising_opencl.hpp">
      <Filter>opencv_photo</Filter>
    </ClInclude>
    <ClInclude Include="..\..\..\..\apps\external\opencv\modules\photo\src\fast_nlmeans_multi_denoising_invoker.hpp">
      <Filter>opencv_photo</Filter>
    </ClInclude>
    <ClInclude Include="..\..\..\..\apps\external\opencv\modules\photo\src\hdr_common.hpp">
      <Filter>opencv_photo</Filter>
    </ClInclude>
    <ClInclude Include="..\..\..\..\apps\external\opencv\modules\photo\src\npr.hpp">
      <Filter>opencv_photo</Filter>
    </ClInclude>
    <ClInclude Include="..\..\..\..\apps\external\opencv\modules\photo\src\precomp.hpp">
      <Filter>opencv_photo</Filter>
    </ClInclude>
    <ClInclude Include="..\..\..\..\apps\external\opencv\modules\photo\src\seamless_cloning.hpp">
      <Filter>opencv_photo</Filter>
    </ClInclude>
    <ClInclude Include="..\..\..\..\apps\external\opencv\modules\stitching\src\precomp.hpp">
      <Filter>opencv_stitching</Filter>
    </ClInclude>
    <ClInclude Include="..\..\..\..\apps\external\opencv\modules\stitching\src\util_log.hpp">
      <Filter>opencv_stitching</Filter>
    </ClInclude>
    <ClInclude Include="..\..\..\..\apps\external\opencv\modules\video\src\lkpyramid.hpp">
      <Filter>opencv_video</Filter>
    </ClInclude>
    <ClInclude Include="..\..\..\..\apps\external\opencv\modules\video\src\precomp.hpp">
      <Filter>opencv_video</Filter>
    </ClInclude>
    <ClInclude Include="..\..\..\..\apps\external\opencv\modules\video\src\tracking\detail\tracker_feature_haar.impl.hpp">
      <Filter>opencv_video\tracking\detail</Filter>
    </ClInclude>
    <ClInclude Include="..\..\..\..\apps\external\opencv\modules\video\src\tracking\detail\tracker_mil_model.hpp">
      <Filter>opencv_video\tracking\detail</Filter>
    </ClInclude>
    <ClInclude Include="..\..\..\..\apps\external\opencv\modules\video\src\tracking\detail\tracker_mil_state.hpp">
      <Filter>opencv_video\tracking\detail</Filter>
    </ClInclude>
    <ClInclude Include="..\..\..\..\apps\external\opencv\modules\video\src\tracking\detail\tracking_online_mil.hpp">
      <Filter>opencv_video\tracking\detail</Filter>
    </ClInclude>
    <ClInclude Include="..\..\..\..\apps\external\opencv\autogenerated\accum.simd_declarations.hpp">
      <Filter>autogenerated</Filter>
    </ClInclude>
    <ClInclude Include="..\..\..\..\apps\external\opencv\autogenerated\arithm.simd_declarations.hpp">
      <Filter>autogenerated</Filter>
    </ClInclude>
    <ClInclude Include="..\..\..\..\apps\external\opencv\autogenerated\bilateral_filter.simd_declarations.hpp">
      <Filter>autogenerated</Filter>
    </ClInclude>
    <ClInclude Include="..\..\..\..\apps\external\opencv\autogenerated\box_filter.simd_declarations.hpp">
      <Filter>autogenerated</Filter>
    </ClInclude>
    <ClInclude Include="..\..\..\..\apps\external\opencv\autogenerated\color_hsv.simd_declarations.hpp">
      <Filter>autogenerated</Filter>
    </ClInclude>
    <ClInclude Include="..\..\..\..\apps\external\opencv\autogenerated\color_rgb.simd_declarations.hpp">
      <Filter>autogenerated</Filter>
    </ClInclude>
    <ClInclude Include="..\..\..\..\apps\external\opencv\autogenerated\color_yuv.simd_declarations.hpp">
      <Filter>autogenerated</Filter>
    </ClInclude>
    <ClInclude Include="..\..\..\..\apps\external\opencv\autogenerated\convert.simd_declarations.hpp">
      <Filter>autogenerated</Filter>
    </ClInclude>
    <ClInclude Include="..\..\..\..\apps\external\opencv\autogenerated\convert_scale.simd_declarations.hpp">
      <Filter>autogenerated</Filter>
    </ClInclude>
    <ClInclude Include="..\..\..\..\apps\external\opencv\autogenerated\count_non_zero.simd_declarations.hpp">
      <Filter>autogenerated</Filter>
    </ClInclude>
    <ClInclude Include="..\..\..\..\apps\external\opencv\autogenerated\filter.simd_declarations.hpp">
      <Filter>autogenerated</Filter>
    </ClInclude>
    <ClInclude Include="..\..\..\..\apps\external\opencv\autogenerated\mathfuncs_core.simd_declarations.hpp">
      <Filter>autogenerated</Filter>
    </ClInclude>
    <ClInclude Include="..\..\..\..\apps\external\opencv\autogenerated\matmul.simd_declarations.hpp">
      <Filter>autogenerated</Filter>
    </ClInclude>
    <ClInclude Include="..\..\..\..\apps\external\opencv\autogenerated\mean.simd_declarations.hpp">
      <Filter>autogenerated</Filter>
    </ClInclude>
    <ClInclude Include="..\..\..\..\apps\external\opencv\autogenerated\median_blur.simd_declarations.hpp">
      <Filter>autogenerated</Filter>
    </ClInclude>
    <ClInclude Include="..\..\..\..\apps\external\opencv\autogenerated\merge.simd_declarations.hpp">
      <Filter>autogenerated</Filter>
    </ClInclude>
    <ClInclude Include="..\..\..\..\apps\external\opencv\autogenerated\morph.simd_declarations.hpp">
      <Filter>autogenerated</Filter>
    </ClInclude>
    <ClInclude Include="..\..\..\..\apps\external\opencv\autogenerated\opencl_kernels_calib3d.hpp">
      <Filter>autogenerated</Filter>
    </ClInclude>
    <ClInclude Include="..\..\..\..\apps\external\opencv\autogenerated\opencl_kernels_core.hpp">
      <Filter>autogenerated</Filter>
    </ClInclude>
    <ClInclude Include="..\..\..\..\apps\external\opencv\autogenerated\opencl_kernels_features2d.hpp">
      <Filter>autogenerated</Filter>
    </ClInclude>
    <ClInclude Include="..\..\..\..\apps\external\opencv\autogenerated\opencl_kernels_imgproc.hpp">
      <Filter>autogenerated</Filter>
    </ClInclude>
    <ClInclude Include="..\..\..\..\apps\external\opencv\autogenerated\opencl_kernels_objdetect.hpp">
      <Filter>autogenerated</Filter>
    </ClInclude>
    <ClInclude Include="..\..\..\..\apps\external\opencv\autogenerated\opencl_kernels_photo.hpp">
      <Filter>autogenerated</Filter>
    </ClInclude>
    <ClInclude Include="..\..\..\..\apps\external\opencv\autogenerated\opencl_kernels_stitching.hpp">
      <Filter>autogenerated</Filter>
    </ClInclude>
    <ClInclude Include="..\..\..\..\apps\external\opencv\autogenerated\opencl_kernels_video.hpp">
      <Filter>autogenerated</Filter>
    </ClInclude>
    <ClInclude Include="..\..\..\..\apps\external\opencv\autogenerated\sift.simd_declarations.hpp">
      <Filter>autogenerated</Filter>
    </ClInclude>
    <ClInclude Include="..\..\..\..\apps\external\opencv\autogenerated\smooth.simd_declarations.hpp">
      <Filter>autogenerated</Filter>
    </ClInclude>
    <ClInclude Include="..\..\..\..\apps\external\opencv\autogenerated\split.simd_declarations.hpp">
      <Filter>autogenerated</Filter>
    </ClInclude>
    <ClInclude Include="..\..\..\..\apps\external\opencv\autogenerated\stat.simd_declarations.hpp">
      <Filter>autogenerated</Filter>
    </ClInclude>
    <ClInclude Include="..\..\..\..\apps\external\opencv\autogenerated\sum.simd_declarations.hpp">
      <Filter>autogenerated</Filter>
    </ClInclude>
    <ClInclude Include="..\..\..\..\apps\external\opencv\autogenerated\sumpixels.simd_declarations.hpp">
      <Filter>autogenerated</Filter>
    </ClInclude>
    <ClInclude Include="..\..\..\..\apps\external\opencv\autogenerated\undistort.simd_declarations.hpp">
      <Filter>autogenerated</Filter>
    </ClInclude>
    <ClInclude Include="..\..\..\..\apps\external\opencv\autogenerated\layers\layers_common.simd_declarations.hpp">
      <Filter>autogenerated\layers</Filter>
    </ClInclude>
    <ClInclude Include="..\..\..\..\apps\external\opencv\autogenerated\protobuf\opencv-caffe.pb.h">
      <Filter>autogenerated\protobuf</Filter>
    </ClInclude>
  </ItemGroup>
</Project>